// !$*UTF8*$!
{
	archiveVersion = 1;
	classes = {
	};
	objectVersion = 55;
	objects = {

/* Begin PBXBuildFile section */
		5230F89C280BE17900CFAF1F /* InsideShadowController.swift in Sources */ = {isa = PBXBuildFile; fileRef = 5230F89B280BE17900CFAF1F /* InsideShadowController.swift */; };
		5230F8A2280C0DDF00CFAF1F /* NetWorkManager.swift in Sources */ = {isa = PBXBuildFile; fileRef = 5230F8A1280C0DDF00CFAF1F /* NetWorkManager.swift */; };
		5230F8A4280C0DF000CFAF1F /* GCDManager.swift in Sources */ = {isa = PBXBuildFile; fileRef = 5230F8A3280C0DF000CFAF1F /* GCDManager.swift */; };
		5230F8A6280C0E0100CFAF1F /* MemoryManager.swift in Sources */ = {isa = PBXBuildFile; fileRef = 5230F8A5280C0E0100CFAF1F /* MemoryManager.swift */; };
		52C989E027F067860048F4CD /* AppDelegate.swift in Sources */ = {isa = PBXBuildFile; fileRef = 52C989DF27F067860048F4CD /* AppDelegate.swift */; };
		52C989E227F067860048F4CD /* SceneDelegate.swift in Sources */ = {isa = PBXBuildFile; fileRef = 52C989E127F067860048F4CD /* SceneDelegate.swift */; };
		52C989E727F067860048F4CD /* Main.storyboard in Resources */ = {isa = PBXBuildFile; fileRef = 52C989E527F067860048F4CD /* Main.storyboard */; };
		52C989E927F067890048F4CD /* Assets.xcassets in Resources */ = {isa = PBXBuildFile; fileRef = 52C989E827F067890048F4CD /* Assets.xcassets */; };
		52C989EC27F067890048F4CD /* LaunchScreen.storyboard in Resources */ = {isa = PBXBuildFile; fileRef = 52C989EA27F067890048F4CD /* LaunchScreen.storyboard */; };
		52C989F527F068F20048F4CD /* FunctionCodeView.swift in Sources */ = {isa = PBXBuildFile; fileRef = 52C989F427F068F20048F4CD /* FunctionCodeView.swift */; };
		52C989F727F06A430048F4CD /* FunctionViewController.swift in Sources */ = {isa = PBXBuildFile; fileRef = 52C989F627F06A430048F4CD /* FunctionViewController.swift */; };
		52CDD32B27F1E529009A25FB /* SQLModel.swift in Sources */ = {isa = PBXBuildFile; fileRef = 52CDD32A27F1E529009A25FB /* SQLModel.swift */; };
		52CDD32D27F1E54E009A25FB /* FMDBManager.swift in Sources */ = {isa = PBXBuildFile; fileRef = 52CDD32C27F1E54E009A25FB /* FMDBManager.swift */; };
		52CDD32F27F1ECEB009A25FB /* TransactionDB.swift in Sources */ = {isa = PBXBuildFile; fileRef = 52CDD32E27F1ECEB009A25FB /* TransactionDB.swift */; };
		52CDD33127F1ED04009A25FB /* TransactionDetailDB.swift in Sources */ = {isa = PBXBuildFile; fileRef = 52CDD33027F1ED04009A25FB /* TransactionDetailDB.swift */; };
		52CDD33327F1F0F5009A25FB /* RequestResponseModel.swift in Sources */ = {isa = PBXBuildFile; fileRef = 52CDD33227F1F0F5009A25FB /* RequestResponseModel.swift */; };
		52CDD33527F1F4C0009A25FB /* FMDBController.swift in Sources */ = {isa = PBXBuildFile; fileRef = 52CDD33427F1F4C0009A25FB /* FMDBController.swift */; };
		52CDD33827F1F6EE009A25FB /* Inject.swift in Sources */ = {isa = PBXBuildFile; fileRef = 52CDD33727F1F6EE009A25FB /* Inject.swift */; };
		52CDD33A27F1F710009A25FB /* Resolver.swift in Sources */ = {isa = PBXBuildFile; fileRef = 52CDD33927F1F710009A25FB /* Resolver.swift */; };
		52CDD33D27F1F77D009A25FB /* APIManager.swift in Sources */ = {isa = PBXBuildFile; fileRef = 52CDD33C27F1F77D009A25FB /* APIManager.swift */; };
		52CDD34027F1F7F9009A25FB /* CoreDataManager.swift in Sources */ = {isa = PBXBuildFile; fileRef = 52CDD33F27F1F7F9009A25FB /* CoreDataManager.swift */; };
		52CDD34327F1F833009A25FB /* CoreDataModel.xcdatamodeld in Sources */ = {isa = PBXBuildFile; fileRef = 52CDD34127F1F833009A25FB /* CoreDataModel.xcdatamodeld */; };
		52CDD34627F1FBC3009A25FB /* Extensions.swift in Sources */ = {isa = PBXBuildFile; fileRef = 52CDD34527F1FBC3009A25FB /* Extensions.swift */; };
		52D3F90E28143A6E001AE32E /* SetTableViewController.swift in Sources */ = {isa = PBXBuildFile; fileRef = 52D3F90D28143A6E001AE32E /* SetTableViewController.swift */; };
		52D3F9102814553D001AE32E /* TableViewCell.swift in Sources */ = {isa = PBXBuildFile; fileRef = 52D3F90F2814553D001AE32E /* TableViewCell.swift */; };
		52D3F91328145709001AE32E /* SetCollectionViewController.swift in Sources */ = {isa = PBXBuildFile; fileRef = 52D3F91228145709001AE32E /* SetCollectionViewController.swift */; };
		52D3F91528145718001AE32E /* CollectionViewCell.swift in Sources */ = {isa = PBXBuildFile; fileRef = 52D3F91428145718001AE32E /* CollectionViewCell.swift */; };
		862A908A6CEBF906E68AEF34 /* Pods_Utility.framework in Frameworks */ = {isa = PBXBuildFile; fileRef = EBBF6AA440EFC3F2B1837B60 /* Pods_Utility.framework */; };
		CECF95B728000C3700FA81C8 /* AlertController.swift in Sources */ = {isa = PBXBuildFile; fileRef = CECF95B628000C3700FA81C8 /* AlertController.swift */; };
		CECF95B928000C4100FA81C8 /* AlertUtil.swift in Sources */ = {isa = PBXBuildFile; fileRef = CECF95B828000C4100FA81C8 /* AlertUtil.swift */; };
		CED696CB280D6FC5008793EB /* ScrollEditController.swift in Sources */ = {isa = PBXBuildFile; fileRef = CED696CA280D6FC5008793EB /* ScrollEditController.swift */; };
		CED696E328112F87008793EB /* InterruptibleAnimateController.swift in Sources */ = {isa = PBXBuildFile; fileRef = CED696E228112F87008793EB /* InterruptibleAnimateController.swift */; };
		CEDC1C46281635780038BE7F /* AnimateController.swift in Sources */ = {isa = PBXBuildFile; fileRef = CEDC1C45281635780038BE7F /* AnimateController.swift */; };
		CEDC1C4928166FFE0038BE7F /* PageViewController.swift in Sources */ = {isa = PBXBuildFile; fileRef = CEDC1C4828166FFE0038BE7F /* PageViewController.swift */; };
		CEDC1C4C28169A4B0038BE7F /* Rotate3DController.swift in Sources */ = {isa = PBXBuildFile; fileRef = CEDC1C4B28169A4B0038BE7F /* Rotate3DController.swift */; };
/* End PBXBuildFile section */

/* Begin PBXFileReference section */
		5012B534A7F328082D8809F1 /* Pods-Utility.debug.xcconfig */ = {isa = PBXFileReference; includeInIndex = 1; lastKnownFileType = text.xcconfig; name = "Pods-Utility.debug.xcconfig"; path = "Target Support Files/Pods-Utility/Pods-Utility.debug.xcconfig"; sourceTree = "<group>"; };
		5230F89B280BE17900CFAF1F /* InsideShadowController.swift */ = {isa = PBXFileReference; lastKnownFileType = sourcecode.swift; path = InsideShadowController.swift; sourceTree = "<group>"; };
		5230F8A1280C0DDF00CFAF1F /* NetWorkManager.swift */ = {isa = PBXFileReference; lastKnownFileType = sourcecode.swift; path = NetWorkManager.swift; sourceTree = "<group>"; };
		5230F8A3280C0DF000CFAF1F /* GCDManager.swift */ = {isa = PBXFileReference; lastKnownFileType = sourcecode.swift; path = GCDManager.swift; sourceTree = "<group>"; };
		5230F8A5280C0E0100CFAF1F /* MemoryManager.swift */ = {isa = PBXFileReference; lastKnownFileType = sourcecode.swift; path = MemoryManager.swift; sourceTree = "<group>"; };
		52C989DC27F067860048F4CD /* Utility.app */ = {isa = PBXFileReference; explicitFileType = wrapper.application; includeInIndex = 0; path = Utility.app; sourceTree = BUILT_PRODUCTS_DIR; };
		52C989DF27F067860048F4CD /* AppDelegate.swift */ = {isa = PBXFileReference; lastKnownFileType = sourcecode.swift; path = AppDelegate.swift; sourceTree = "<group>"; };
		52C989E127F067860048F4CD /* SceneDelegate.swift */ = {isa = PBXFileReference; lastKnownFileType = sourcecode.swift; path = SceneDelegate.swift; sourceTree = "<group>"; };
		52C989E627F067860048F4CD /* Base */ = {isa = PBXFileReference; lastKnownFileType = file.storyboard; name = Base; path = Base.lproj/Main.storyboard; sourceTree = "<group>"; };
		52C989E827F067890048F4CD /* Assets.xcassets */ = {isa = PBXFileReference; lastKnownFileType = folder.assetcatalog; path = Assets.xcassets; sourceTree = "<group>"; };
		52C989EB27F067890048F4CD /* Base */ = {isa = PBXFileReference; lastKnownFileType = file.storyboard; name = Base; path = Base.lproj/LaunchScreen.storyboard; sourceTree = "<group>"; };
		52C989ED27F067890048F4CD /* Info.plist */ = {isa = PBXFileReference; lastKnownFileType = text.plist.xml; path = Info.plist; sourceTree = "<group>"; };
		52C989F427F068F20048F4CD /* FunctionCodeView.swift */ = {isa = PBXFileReference; lastKnownFileType = sourcecode.swift; path = FunctionCodeView.swift; sourceTree = "<group>"; };
		52C989F627F06A430048F4CD /* FunctionViewController.swift */ = {isa = PBXFileReference; lastKnownFileType = sourcecode.swift; path = FunctionViewController.swift; sourceTree = "<group>"; };
		52CDD32A27F1E529009A25FB /* SQLModel.swift */ = {isa = PBXFileReference; lastKnownFileType = sourcecode.swift; path = SQLModel.swift; sourceTree = "<group>"; };
		52CDD32C27F1E54E009A25FB /* FMDBManager.swift */ = {isa = PBXFileReference; lastKnownFileType = sourcecode.swift; path = FMDBManager.swift; sourceTree = "<group>"; };
		52CDD32E27F1ECEB009A25FB /* TransactionDB.swift */ = {isa = PBXFileReference; lastKnownFileType = sourcecode.swift; path = TransactionDB.swift; sourceTree = "<group>"; };
		52CDD33027F1ED04009A25FB /* TransactionDetailDB.swift */ = {isa = PBXFileReference; lastKnownFileType = sourcecode.swift; path = TransactionDetailDB.swift; sourceTree = "<group>"; };
		52CDD33227F1F0F5009A25FB /* RequestResponseModel.swift */ = {isa = PBXFileReference; lastKnownFileType = sourcecode.swift; path = RequestResponseModel.swift; sourceTree = "<group>"; };
		52CDD33427F1F4C0009A25FB /* FMDBController.swift */ = {isa = PBXFileReference; lastKnownFileType = sourcecode.swift; path = FMDBController.swift; sourceTree = "<group>"; };
		52CDD33727F1F6EE009A25FB /* Inject.swift */ = {isa = PBXFileReference; lastKnownFileType = sourcecode.swift; path = Inject.swift; sourceTree = "<group>"; };
		52CDD33927F1F710009A25FB /* Resolver.swift */ = {isa = PBXFileReference; lastKnownFileType = sourcecode.swift; path = Resolver.swift; sourceTree = "<group>"; };
		52CDD33C27F1F77D009A25FB /* APIManager.swift */ = {isa = PBXFileReference; lastKnownFileType = sourcecode.swift; path = APIManager.swift; sourceTree = "<group>"; };
		52CDD33F27F1F7F9009A25FB /* CoreDataManager.swift */ = {isa = PBXFileReference; lastKnownFileType = sourcecode.swift; path = CoreDataManager.swift; sourceTree = "<group>"; };
		52CDD34227F1F833009A25FB /* CoreData.xcdatamodel */ = {isa = PBXFileReference; lastKnownFileType = wrapper.xcdatamodel; path = CoreData.xcdatamodel; sourceTree = "<group>"; };
		52CDD34527F1FBC3009A25FB /* Extensions.swift */ = {isa = PBXFileReference; lastKnownFileType = sourcecode.swift; path = Extensions.swift; sourceTree = "<group>"; };
		52D3F90D28143A6E001AE32E /* SetTableViewController.swift */ = {isa = PBXFileReference; lastKnownFileType = sourcecode.swift; path = SetTableViewController.swift; sourceTree = "<group>"; };
		52D3F90F2814553D001AE32E /* TableViewCell.swift */ = {isa = PBXFileReference; lastKnownFileType = sourcecode.swift; path = TableViewCell.swift; sourceTree = "<group>"; };
		52D3F91228145709001AE32E /* SetCollectionViewController.swift */ = {isa = PBXFileReference; lastKnownFileType = sourcecode.swift; path = SetCollectionViewController.swift; sourceTree = "<group>"; };
		52D3F91428145718001AE32E /* CollectionViewCell.swift */ = {isa = PBXFileReference; lastKnownFileType = sourcecode.swift; path = CollectionViewCell.swift; sourceTree = "<group>"; };
		7FDFB702E0A02C9638AE895C /* Pods-Utility.release.xcconfig */ = {isa = PBXFileReference; includeInIndex = 1; lastKnownFileType = text.xcconfig; name = "Pods-Utility.release.xcconfig"; path = "Target Support Files/Pods-Utility/Pods-Utility.release.xcconfig"; sourceTree = "<group>"; };
		CECF95B628000C3700FA81C8 /* AlertController.swift */ = {isa = PBXFileReference; lastKnownFileType = sourcecode.swift; path = AlertController.swift; sourceTree = "<group>"; };
		CECF95B828000C4100FA81C8 /* AlertUtil.swift */ = {isa = PBXFileReference; lastKnownFileType = sourcecode.swift; path = AlertUtil.swift; sourceTree = "<group>"; };
		CED696CA280D6FC5008793EB /* ScrollEditController.swift */ = {isa = PBXFileReference; lastKnownFileType = sourcecode.swift; path = ScrollEditController.swift; sourceTree = "<group>"; };
		CED696E228112F87008793EB /* InterruptibleAnimateController.swift */ = {isa = PBXFileReference; lastKnownFileType = sourcecode.swift; path = InterruptibleAnimateController.swift; sourceTree = "<group>"; };
		CEDC1C45281635780038BE7F /* AnimateController.swift */ = {isa = PBXFileReference; lastKnownFileType = sourcecode.swift; path = AnimateController.swift; sourceTree = "<group>"; };
		CEDC1C4828166FFE0038BE7F /* PageViewController.swift */ = {isa = PBXFileReference; lastKnownFileType = sourcecode.swift; path = PageViewController.swift; sourceTree = "<group>"; };
		CEDC1C4B28169A4B0038BE7F /* Rotate3DController.swift */ = {isa = PBXFileReference; lastKnownFileType = sourcecode.swift; path = Rotate3DController.swift; sourceTree = "<group>"; };
		EBBF6AA440EFC3F2B1837B60 /* Pods_Utility.framework */ = {isa = PBXFileReference; explicitFileType = wrapper.framework; includeInIndex = 0; path = Pods_Utility.framework; sourceTree = BUILT_PRODUCTS_DIR; };
/* End PBXFileReference section */

/* Begin PBXFrameworksBuildPhase section */
		52C989D927F067860048F4CD /* Frameworks */ = {
			isa = PBXFrameworksBuildPhase;
			buildActionMask = 2147483647;
			files = (
				862A908A6CEBF906E68AEF34 /* Pods_Utility.framework in Frameworks */,
			);
			runOnlyForDeploymentPostprocessing = 0;
		};
/* End PBXFrameworksBuildPhase section */

/* Begin PBXGroup section */
		5230F89A280BE03000CFAF1F /* Shadow */ = {
			isa = PBXGroup;
			children = (
				5230F89B280BE17900CFAF1F /* InsideShadowController.swift */,
			);
			path = Shadow;
			sourceTree = "<group>";
		};
		5230F8A0280C0DD500CFAF1F /* Manager */ = {
			isa = PBXGroup;
			children = (
				5230F8A1280C0DDF00CFAF1F /* NetWorkManager.swift */,
				5230F8A3280C0DF000CFAF1F /* GCDManager.swift */,
				5230F8A5280C0E0100CFAF1F /* MemoryManager.swift */,
			);
			path = Manager;
			sourceTree = "<group>";
		};
		52C989D327F067860048F4CD = {
			isa = PBXGroup;
			children = (
				52C989DE27F067860048F4CD /* Utility */,
				52C989DD27F067860048F4CD /* Products */,
				61DB433CEDD903C35A583310 /* Pods */,
				74351C3A6155105F092EB732 /* Frameworks */,
			);
			sourceTree = "<group>";
		};
		52C989DD27F067860048F4CD /* Products */ = {
			isa = PBXGroup;
			children = (
				52C989DC27F067860048F4CD /* Utility.app */,
			);
			name = Products;
			sourceTree = "<group>";
		};
		52C989DE27F067860048F4CD /* Utility */ = {
			isa = PBXGroup;
			children = (
				52C989DF27F067860048F4CD /* AppDelegate.swift */,
				52C989E127F067860048F4CD /* SceneDelegate.swift */,
				CEDC1C4728166FEB0038BE7F /* BookTurePage */,
				CEDC1C4A28169A2A0038BE7F /* 3D */,
				CEDC1C44281635640038BE7F /* Animate */,
				52D3F90C28143A58001AE32E /* UITableView */,
				52D3F911281456EC001AE32E /* UICollectionView */,
				CED696E128112F74008793EB /* InterruptibleAnimate */,
				CED696C9280D6FB2008793EB /* ScrollEdit */,
				5230F8A0280C0DD500CFAF1F /* Manager */,
				5230F89A280BE03000CFAF1F /* Shadow */,
				CECF95B528000C0B00FA81C8 /* Alert */,
				52CDD34427F1FBB2009A25FB /* Tool */,
				52C989F327F068C90048F4CD /* FunctionView */,
				52CDD33627F1F6D3009A25FB /* Inject */,
				52CDD32927F1E4DE009A25FB /* FMDB */,
				52CDD33B27F1F76C009A25FB /* API */,
				52CDD33E27F1F7DF009A25FB /* CoreData */,
				52C989E527F067860048F4CD /* Main.storyboard */,
				52C989E827F067890048F4CD /* Assets.xcassets */,
				52C989EA27F067890048F4CD /* LaunchScreen.storyboard */,
				52C989ED27F067890048F4CD /* Info.plist */,
			);
			path = Utility;
			sourceTree = "<group>";
		};
		52C989F327F068C90048F4CD /* FunctionView */ = {
			isa = PBXGroup;
			children = (
				52C989F627F06A430048F4CD /* FunctionViewController.swift */,
				52C989F427F068F20048F4CD /* FunctionCodeView.swift */,
			);
			path = FunctionView;
			sourceTree = "<group>";
		};
		52CDD32927F1E4DE009A25FB /* FMDB */ = {
			isa = PBXGroup;
			children = (
				52CDD33427F1F4C0009A25FB /* FMDBController.swift */,
				52CDD32A27F1E529009A25FB /* SQLModel.swift */,
				52CDD32C27F1E54E009A25FB /* FMDBManager.swift */,
				52CDD32E27F1ECEB009A25FB /* TransactionDB.swift */,
				52CDD33027F1ED04009A25FB /* TransactionDetailDB.swift */,
				52CDD33227F1F0F5009A25FB /* RequestResponseModel.swift */,
			);
			path = FMDB;
			sourceTree = "<group>";
		};
		52CDD33627F1F6D3009A25FB /* Inject */ = {
			isa = PBXGroup;
			children = (
				52CDD33727F1F6EE009A25FB /* Inject.swift */,
				52CDD33927F1F710009A25FB /* Resolver.swift */,
			);
			path = Inject;
			sourceTree = "<group>";
		};
		52CDD33B27F1F76C009A25FB /* API */ = {
			isa = PBXGroup;
			children = (
				52CDD33C27F1F77D009A25FB /* APIManager.swift */,
			);
			path = API;
			sourceTree = "<group>";
		};
		52CDD33E27F1F7DF009A25FB /* CoreData */ = {
			isa = PBXGroup;
			children = (
				52CDD33F27F1F7F9009A25FB /* CoreDataManager.swift */,
				52CDD34127F1F833009A25FB /* CoreDataModel.xcdatamodeld */,
			);
			path = CoreData;
			sourceTree = "<group>";
		};
		52CDD34427F1FBB2009A25FB /* Tool */ = {
			isa = PBXGroup;
			children = (
				52CDD34527F1FBC3009A25FB /* Extensions.swift */,
			);
			path = Tool;
			sourceTree = "<group>";
		};
		52D3F90C28143A58001AE32E /* UITableView */ = {
			isa = PBXGroup;
			children = (
				52D3F90D28143A6E001AE32E /* SetTableViewController.swift */,
				52D3F90F2814553D001AE32E /* TableViewCell.swift */,
			);
			path = UITableView;
			sourceTree = "<group>";
		};
		52D3F911281456EC001AE32E /* UICollectionView */ = {
			isa = PBXGroup;
			children = (
				52D3F91228145709001AE32E /* SetCollectionViewController.swift */,
				52D3F91428145718001AE32E /* CollectionViewCell.swift */,
			);
			path = UICollectionView;
			sourceTree = "<group>";
		};
		61DB433CEDD903C35A583310 /* Pods */ = {
			isa = PBXGroup;
			children = (
				5012B534A7F328082D8809F1 /* Pods-Utility.debug.xcconfig */,
				7FDFB702E0A02C9638AE895C /* Pods-Utility.release.xcconfig */,
			);
			path = Pods;
			sourceTree = "<group>";
		};
		74351C3A6155105F092EB732 /* Frameworks */ = {
			isa = PBXGroup;
			children = (
				EBBF6AA440EFC3F2B1837B60 /* Pods_Utility.framework */,
			);
			name = Frameworks;
			sourceTree = "<group>";
		};
		CECF95B528000C0B00FA81C8 /* Alert */ = {
			isa = PBXGroup;
			children = (
				CECF95B628000C3700FA81C8 /* AlertController.swift */,
				CECF95B828000C4100FA81C8 /* AlertUtil.swift */,
			);
			path = Alert;
			sourceTree = "<group>";
		};
		CED696C9280D6FB2008793EB /* ScrollEdit */ = {
			isa = PBXGroup;
			children = (
				CED696CA280D6FC5008793EB /* ScrollEditController.swift */,
			);
			path = ScrollEdit;
			sourceTree = "<group>";
		};
		CED696E128112F74008793EB /* InterruptibleAnimate */ = {
			isa = PBXGroup;
			children = (
				CED696E228112F87008793EB /* InterruptibleAnimateController.swift */,
			);
			path = InterruptibleAnimate;
			sourceTree = "<group>";
		};
		CEDC1C44281635640038BE7F /* Animate */ = {
			isa = PBXGroup;
			children = (
				CEDC1C45281635780038BE7F /* AnimateController.swift */,
			);
			path = Animate;
			sourceTree = "<group>";
		};
		CEDC1C4728166FEB0038BE7F /* BookTurePage */ = {
			isa = PBXGroup;
			children = (
				CEDC1C4828166FFE0038BE7F /* PageViewController.swift */,
			);
			path = BookTurePage;
			sourceTree = "<group>";
		};
		CEDC1C4A28169A2A0038BE7F /* 3D */ = {
			isa = PBXGroup;
			children = (
				CEDC1C4B28169A4B0038BE7F /* Rotate3DController.swift */,
			);
			path = 3D;
			sourceTree = "<group>";
		};
/* End PBXGroup section */

/* Begin PBXNativeTarget section */
		52C989DB27F067860048F4CD /* Utility */ = {
			isa = PBXNativeTarget;
			buildConfigurationList = 52C989F027F067890048F4CD /* Build configuration list for PBXNativeTarget "Utility" */;
			buildPhases = (
				F9AFBB25B3DB30E80C95650C /* [CP] Check Pods Manifest.lock */,
				52C989D827F067860048F4CD /* Sources */,
				52C989D927F067860048F4CD /* Frameworks */,
				52C989DA27F067860048F4CD /* Resources */,
				E08DBDA533B6F9150232D0EA /* [CP] Embed Pods Frameworks */,
			);
			buildRules = (
			);
			dependencies = (
			);
			name = Utility;
			productName = Utility;
			productReference = 52C989DC27F067860048F4CD /* Utility.app */;
			productType = "com.apple.product-type.application";
		};
/* End PBXNativeTarget section */

/* Begin PBXProject section */
		52C989D427F067860048F4CD /* Project object */ = {
			isa = PBXProject;
			attributes = {
				BuildIndependentTargetsInParallel = 1;
				LastSwiftUpdateCheck = 1320;
				LastUpgradeCheck = 1320;
				TargetAttributes = {
					52C989DB27F067860048F4CD = {
						CreatedOnToolsVersion = 13.2;
					};
				};
			};
			buildConfigurationList = 52C989D727F067860048F4CD /* Build configuration list for PBXProject "Utility" */;
			compatibilityVersion = "Xcode 13.0";
			developmentRegion = en;
			hasScannedForEncodings = 0;
			knownRegions = (
				en,
				Base,
			);
			mainGroup = 52C989D327F067860048F4CD;
			productRefGroup = 52C989DD27F067860048F4CD /* Products */;
			projectDirPath = "";
			projectRoot = "";
			targets = (
				52C989DB27F067860048F4CD /* Utility */,
			);
		};
/* End PBXProject section */

/* Begin PBXResourcesBuildPhase section */
		52C989DA27F067860048F4CD /* Resources */ = {
			isa = PBXResourcesBuildPhase;
			buildActionMask = 2147483647;
			files = (
				52C989EC27F067890048F4CD /* LaunchScreen.storyboard in Resources */,
				52C989E927F067890048F4CD /* Assets.xcassets in Resources */,
				52C989E727F067860048F4CD /* Main.storyboard in Resources */,
			);
			runOnlyForDeploymentPostprocessing = 0;
		};
/* End PBXResourcesBuildPhase section */

/* Begin PBXShellScriptBuildPhase section */
		E08DBDA533B6F9150232D0EA /* [CP] Embed Pods Frameworks */ = {
			isa = PBXShellScriptBuildPhase;
			buildActionMask = 2147483647;
			files = (
			);
			inputFileListPaths = (
				"${PODS_ROOT}/Target Support Files/Pods-Utility/Pods-Utility-frameworks-${CONFIGURATION}-input-files.xcfilelist",
			);
			name = "[CP] Embed Pods Frameworks";
			outputFileListPaths = (
				"${PODS_ROOT}/Target Support Files/Pods-Utility/Pods-Utility-frameworks-${CONFIGURATION}-output-files.xcfilelist",
			);
			runOnlyForDeploymentPostprocessing = 0;
			shellPath = /bin/sh;
			shellScript = "\"${PODS_ROOT}/Target Support Files/Pods-Utility/Pods-Utility-frameworks.sh\"\n";
			showEnvVarsInLog = 0;
		};
		F9AFBB25B3DB30E80C95650C /* [CP] Check Pods Manifest.lock */ = {
			isa = PBXShellScriptBuildPhase;
			buildActionMask = 2147483647;
			files = (
			);
			inputFileListPaths = (
			);
			inputPaths = (
				"${PODS_PODFILE_DIR_PATH}/Podfile.lock",
				"${PODS_ROOT}/Manifest.lock",
			);
			name = "[CP] Check Pods Manifest.lock";
			outputFileListPaths = (
			);
			outputPaths = (
				"$(DERIVED_FILE_DIR)/Pods-Utility-checkManifestLockResult.txt",
			);
			runOnlyForDeploymentPostprocessing = 0;
			shellPath = /bin/sh;
			shellScript = "diff \"${PODS_PODFILE_DIR_PATH}/Podfile.lock\" \"${PODS_ROOT}/Manifest.lock\" > /dev/null\nif [ $? != 0 ] ; then\n    # print error to STDERR\n    echo \"error: The sandbox is not in sync with the Podfile.lock. Run 'pod install' or update your CocoaPods installation.\" >&2\n    exit 1\nfi\n# This output is used by Xcode 'outputs' to avoid re-running this script phase.\necho \"SUCCESS\" > \"${SCRIPT_OUTPUT_FILE_0}\"\n";
			showEnvVarsInLog = 0;
		};
/* End PBXShellScriptBuildPhase section */

/* Begin PBXSourcesBuildPhase section */
		52C989D827F067860048F4CD /* Sources */ = {
			isa = PBXSourcesBuildPhase;
			buildActionMask = 2147483647;
			files = (
				5230F8A4280C0DF000CFAF1F /* GCDManager.swift in Sources */,
				CEDC1C4C28169A4B0038BE7F /* Rotate3DController.swift in Sources */,
				5230F8A2280C0DDF00CFAF1F /* NetWorkManager.swift in Sources */,
				5230F89C280BE17900CFAF1F /* InsideShadowController.swift in Sources */,
				52C989F727F06A430048F4CD /* FunctionViewController.swift in Sources */,
				52C989E027F067860048F4CD /* AppDelegate.swift in Sources */,
				52C989F527F068F20048F4CD /* FunctionCodeView.swift in Sources */,
				52CDD33A27F1F710009A25FB /* Resolver.swift in Sources */,
				52CDD33127F1ED04009A25FB /* TransactionDetailDB.swift in Sources */,
				5230F8A6280C0E0100CFAF1F /* MemoryManager.swift in Sources */,
				52CDD32F27F1ECEB009A25FB /* TransactionDB.swift in Sources */,
				52D3F91528145718001AE32E /* CollectionViewCell.swift in Sources */,
				52C989E227F067860048F4CD /* SceneDelegate.swift in Sources */,
				CED696E328112F87008793EB /* InterruptibleAnimateController.swift in Sources */,
				52CDD33827F1F6EE009A25FB /* Inject.swift in Sources */,
				52D3F91328145709001AE32E /* SetCollectionViewController.swift in Sources */,
				52D3F9102814553D001AE32E /* TableViewCell.swift in Sources */,
				CED696CB280D6FC5008793EB /* ScrollEditController.swift in Sources */,
				CECF95B728000C3700FA81C8 /* AlertController.swift in Sources */,
				52CDD32D27F1E54E009A25FB /* FMDBManager.swift in Sources */,
				52CDD33327F1F0F5009A25FB /* RequestResponseModel.swift in Sources */,
				52CDD33D27F1F77D009A25FB /* APIManager.swift in Sources */,
				CEDC1C4928166FFE0038BE7F /* PageViewController.swift in Sources */,
				52CDD34627F1FBC3009A25FB /* Extensions.swift in Sources */,
				52D3F90E28143A6E001AE32E /* SetTableViewController.swift in Sources */,
				CEDC1C46281635780038BE7F /* AnimateController.swift in Sources */,
				52CDD33527F1F4C0009A25FB /* FMDBController.swift in Sources */,
				52CDD34027F1F7F9009A25FB /* CoreDataManager.swift in Sources */,
				52CDD32B27F1E529009A25FB /* SQLModel.swift in Sources */,
				CECF95B928000C4100FA81C8 /* AlertUtil.swift in Sources */,
				52CDD34327F1F833009A25FB /* CoreDataModel.xcdatamodeld in Sources */,
			);
			runOnlyForDeploymentPostprocessing = 0;
		};
/* End PBXSourcesBuildPhase section */

/* Begin PBXVariantGroup section */
		52C989E527F067860048F4CD /* Main.storyboard */ = {
			isa = PBXVariantGroup;
			children = (
				52C989E627F067860048F4CD /* Base */,
			);
			name = Main.storyboard;
			sourceTree = "<group>";
		};
		52C989EA27F067890048F4CD /* LaunchScreen.storyboard */ = {
			isa = PBXVariantGroup;
			children = (
				52C989EB27F067890048F4CD /* Base */,
			);
			name = LaunchScreen.storyboard;
			sourceTree = "<group>";
		};
/* End PBXVariantGroup section */

/* Begin XCBuildConfiguration section */
		52C989EE27F067890048F4CD /* Debug */ = {
			isa = XCBuildConfiguration;
			buildSettings = {
				ALWAYS_SEARCH_USER_PATHS = NO;
				CLANG_ANALYZER_NONNULL = YES;
				CLANG_ANALYZER_NUMBER_OBJECT_CONVERSION = YES_AGGRESSIVE;
				CLANG_CXX_LANGUAGE_STANDARD = "gnu++17";
				CLANG_CXX_LIBRARY = "libc++";
				CLANG_ENABLE_MODULES = YES;
				CLANG_ENABLE_OBJC_ARC = YES;
				CLANG_ENABLE_OBJC_WEAK = YES;
				CLANG_WARN_BLOCK_CAPTURE_AUTORELEASING = YES;
				CLANG_WARN_BOOL_CONVERSION = YES;
				CLANG_WARN_COMMA = YES;
				CLANG_WARN_CONSTANT_CONVERSION = YES;
				CLANG_WARN_DEPRECATED_OBJC_IMPLEMENTATIONS = YES;
				CLANG_WARN_DIRECT_OBJC_ISA_USAGE = YES_ERROR;
				CLANG_WARN_DOCUMENTATION_COMMENTS = YES;
				CLANG_WARN_EMPTY_BODY = YES;
				CLANG_WARN_ENUM_CONVERSION = YES;
				CLANG_WARN_INFINITE_RECURSION = YES;
				CLANG_WARN_INT_CONVERSION = YES;
				CLANG_WARN_NON_LITERAL_NULL_CONVERSION = YES;
				CLANG_WARN_OBJC_IMPLICIT_RETAIN_SELF = YES;
				CLANG_WARN_OBJC_LITERAL_CONVERSION = YES;
				CLANG_WARN_OBJC_ROOT_CLASS = YES_ERROR;
				CLANG_WARN_QUOTED_INCLUDE_IN_FRAMEWORK_HEADER = YES;
				CLANG_WARN_RANGE_LOOP_ANALYSIS = YES;
				CLANG_WARN_STRICT_PROTOTYPES = YES;
				CLANG_WARN_SUSPICIOUS_MOVE = YES;
				CLANG_WARN_UNGUARDED_AVAILABILITY = YES_AGGRESSIVE;
				CLANG_WARN_UNREACHABLE_CODE = YES;
				CLANG_WARN__DUPLICATE_METHOD_MATCH = YES;
				COPY_PHASE_STRIP = NO;
				DEBUG_INFORMATION_FORMAT = dwarf;
				ENABLE_STRICT_OBJC_MSGSEND = YES;
				ENABLE_TESTABILITY = YES;
				GCC_C_LANGUAGE_STANDARD = gnu11;
				GCC_DYNAMIC_NO_PIC = NO;
				GCC_NO_COMMON_BLOCKS = YES;
				GCC_OPTIMIZATION_LEVEL = 0;
				GCC_PREPROCESSOR_DEFINITIONS = (
					"DEBUG=1",
					"$(inherited)",
				);
				GCC_WARN_64_TO_32_BIT_CONVERSION = YES;
				GCC_WARN_ABOUT_RETURN_TYPE = YES_ERROR;
				GCC_WARN_UNDECLARED_SELECTOR = YES;
				GCC_WARN_UNINITIALIZED_AUTOS = YES_AGGRESSIVE;
				GCC_WARN_UNUSED_FUNCTION = YES;
				GCC_WARN_UNUSED_VARIABLE = YES;
				IPHONEOS_DEPLOYMENT_TARGET = 15.2;
				MTL_ENABLE_DEBUG_INFO = INCLUDE_SOURCE;
				MTL_FAST_MATH = YES;
				ONLY_ACTIVE_ARCH = YES;
				SDKROOT = iphoneos;
				SWIFT_ACTIVE_COMPILATION_CONDITIONS = DEBUG;
				SWIFT_OPTIMIZATION_LEVEL = "-Onone";
			};
			name = Debug;
		};
		52C989EF27F067890048F4CD /* Release */ = {
			isa = XCBuildConfiguration;
			buildSettings = {
				ALWAYS_SEARCH_USER_PATHS = NO;
				CLANG_ANALYZER_NONNULL = YES;
				CLANG_ANALYZER_NUMBER_OBJECT_CONVERSION = YES_AGGRESSIVE;
				CLANG_CXX_LANGUAGE_STANDARD = "gnu++17";
				CLANG_CXX_LIBRARY = "libc++";
				CLANG_ENABLE_MODULES = YES;
				CLANG_ENABLE_OBJC_ARC = YES;
				CLANG_ENABLE_OBJC_WEAK = YES;
				CLANG_WARN_BLOCK_CAPTURE_AUTORELEASING = YES;
				CLANG_WARN_BOOL_CONVERSION = YES;
				CLANG_WARN_COMMA = YES;
				CLANG_WARN_CONSTANT_CONVERSION = YES;
				CLANG_WARN_DEPRECATED_OBJC_IMPLEMENTATIONS = YES;
				CLANG_WARN_DIRECT_OBJC_ISA_USAGE = YES_ERROR;
				CLANG_WARN_DOCUMENTATION_COMMENTS = YES;
				CLANG_WARN_EMPTY_BODY = YES;
				CLANG_WARN_ENUM_CONVERSION = YES;
				CLANG_WARN_INFINITE_RECURSION = YES;
				CLANG_WARN_INT_CONVERSION = YES;
				CLANG_WARN_NON_LITERAL_NULL_CONVERSION = YES;
				CLANG_WARN_OBJC_IMPLICIT_RETAIN_SELF = YES;
				CLANG_WARN_OBJC_LITERAL_CONVERSION = YES;
				CLANG_WARN_OBJC_ROOT_CLASS = YES_ERROR;
				CLANG_WARN_QUOTED_INCLUDE_IN_FRAMEWORK_HEADER = YES;
				CLANG_WARN_RANGE_LOOP_ANALYSIS = YES;
				CLANG_WARN_STRICT_PROTOTYPES = YES;
				CLANG_WARN_SUSPICIOUS_MOVE = YES;
				CLANG_WARN_UNGUARDED_AVAILABILITY = YES_AGGRESSIVE;
				CLANG_WARN_UNREACHABLE_CODE = YES;
				CLANG_WARN__DUPLICATE_METHOD_MATCH = YES;
				COPY_PHASE_STRIP = NO;
				DEBUG_INFORMATION_FORMAT = "dwarf-with-dsym";
				ENABLE_NS_ASSERTIONS = NO;
				ENABLE_STRICT_OBJC_MSGSEND = YES;
				GCC_C_LANGUAGE_STANDARD = gnu11;
				GCC_NO_COMMON_BLOCKS = YES;
				GCC_WARN_64_TO_32_BIT_CONVERSION = YES;
				GCC_WARN_ABOUT_RETURN_TYPE = YES_ERROR;
				GCC_WARN_UNDECLARED_SELECTOR = YES;
				GCC_WARN_UNINITIALIZED_AUTOS = YES_AGGRESSIVE;
				GCC_WARN_UNUSED_FUNCTION = YES;
				GCC_WARN_UNUSED_VARIABLE = YES;
				IPHONEOS_DEPLOYMENT_TARGET = 15.2;
				MTL_ENABLE_DEBUG_INFO = NO;
				MTL_FAST_MATH = YES;
				SDKROOT = iphoneos;
				SWIFT_COMPILATION_MODE = wholemodule;
				SWIFT_OPTIMIZATION_LEVEL = "-O";
				VALIDATE_PRODUCT = YES;
			};
			name = Release;
		};
		52C989F127F067890048F4CD /* Debug */ = {
			isa = XCBuildConfiguration;
			baseConfigurationReference = 5012B534A7F328082D8809F1 /* Pods-Utility.debug.xcconfig */;
			buildSettings = {
				ASSETCATALOG_COMPILER_APPICON_NAME = AppIcon;
				ASSETCATALOG_COMPILER_GLOBAL_ACCENT_COLOR_NAME = AccentColor;
				CODE_SIGN_STYLE = Automatic;
				CURRENT_PROJECT_VERSION = 1;
				DEVELOPMENT_TEAM = TVV8999XA6;
				GENERATE_INFOPLIST_FILE = YES;
				INFOPLIST_FILE = Utility/Info.plist;
				INFOPLIST_KEY_UIApplicationSupportsIndirectInputEvents = YES;
				INFOPLIST_KEY_UILaunchStoryboardName = LaunchScreen;
				INFOPLIST_KEY_UISupportedInterfaceOrientations_iPad = "UIInterfaceOrientationPortrait UIInterfaceOrientationPortraitUpsideDown UIInterfaceOrientationLandscapeLeft UIInterfaceOrientationLandscapeRight";
				INFOPLIST_KEY_UISupportedInterfaceOrientations_iPhone = "UIInterfaceOrientationPortrait UIInterfaceOrientationLandscapeLeft UIInterfaceOrientationLandscapeRight";
				IPHONEOS_DEPLOYMENT_TARGET = 11.0;
				LD_RUNPATH_SEARCH_PATHS = (
					"$(inherited)",
					"@executable_path/Frameworks",
				);
				MARKETING_VERSION = 1.0;
				PRODUCT_BUNDLE_IDENTIFIER = com.tark.Utility2;
				PRODUCT_NAME = "$(TARGET_NAME)";
				SWIFT_EMIT_LOC_STRINGS = YES;
				SWIFT_VERSION = 5.0;
				TARGETED_DEVICE_FAMILY = 1;
			};
			name = Debug;
		};
		52C989F227F067890048F4CD /* Release */ = {
			isa = XCBuildConfiguration;
			baseConfigurationReference = 7FDFB702E0A02C9638AE895C /* Pods-Utility.release.xcconfig */;
			buildSettings = {
				ASSETCATALOG_COMPILER_APPICON_NAME = AppIcon;
				ASSETCATALOG_COMPILER_GLOBAL_ACCENT_COLOR_NAME = AccentColor;
				CODE_SIGN_STYLE = Automatic;
				CURRENT_PROJECT_VERSION = 1;
				DEVELOPMENT_TEAM = 6A9VGNQPQ3;
				GENERATE_INFOPLIST_FILE = YES;
				INFOPLIST_FILE = Utility/Info.plist;
				INFOPLIST_KEY_UIApplicationSupportsIndirectInputEvents = YES;
				INFOPLIST_KEY_UILaunchStoryboardName = LaunchScreen;
				INFOPLIST_KEY_UISupportedInterfaceOrientations_iPad = "UIInterfaceOrientationPortrait UIInterfaceOrientationPortraitUpsideDown UIInterfaceOrientationLandscapeLeft UIInterfaceOrientationLandscapeRight";
				INFOPLIST_KEY_UISupportedInterfaceOrientations_iPhone = "UIInterfaceOrientationPortrait UIInterfaceOrientationLandscapeLeft UIInterfaceOrientationLandscapeRight";
				IPHONEOS_DEPLOYMENT_TARGET = 11.0;
				LD_RUNPATH_SEARCH_PATHS = (
					"$(inherited)",
					"@executable_path/Frameworks",
				);
				MARKETING_VERSION = 1.0;
				PRODUCT_BUNDLE_IDENTIFIER = com.tark.Utility;
				PRODUCT_NAME = "$(TARGET_NAME)";
				SWIFT_EMIT_LOC_STRINGS = YES;
				SWIFT_VERSION = 5.0;
				TARGETED_DEVICE_FAMILY = 1;
			};
			name = Release;
		};
/* End XCBuildConfiguration section */

/* Begin XCConfigurationList section */
		52C989D727F067860048F4CD /* Build configuration list for PBXProject "Utility" */ = {
			isa = XCConfigurationList;
			buildConfigurations = (
				52C989EE27F067890048F4CD /* Debug */,
				52C989EF27F067890048F4CD /* Release */,
			);
			defaultConfigurationIsVisible = 0;
			defaultConfigurationName = Release;
		};
		52C989F027F067890048F4CD /* Build configuration list for PBXNativeTarget "Utility" */ = {
			isa = XCConfigurationList;
			buildConfigurations = (
				52C989F127F067890048F4CD /* Debug */,
				52C989F227F067890048F4CD /* Release */,
			);
			defaultConfigurationIsVisible = 0;
			defaultConfigurationName = Release;
		};
/* End XCConfigurationList section */

/* Begin XCVersionGroup section */
		52CDD34127F1F833009A25FB /* CoreDataModel.xcdatamodeld */ = {
			isa = XCVersionGroup;
			children = (
				52CDD34227F1F833009A25FB /* CoreData.xcdatamodel */,
			);
			currentVersion = 52CDD34227F1F833009A25FB /* CoreData.xcdatamodel */;
			path = CoreDataModel.xcdatamodeld;
			sourceTree = "<group>";
			versionGroupType = wrapper.xcdatamodel;
		};
/* End XCVersionGroup section */
	};
	rootObject = 52C989D427F067860048F4CD /* Project object */;
}
