// !$*UTF8*$!
{
	archiveVersion = 1;
	classes = {
	};
	objectVersion = 55;
	objects = {

/* Begin PBXBuildFile section */
		521EDA262866C00F00AD6098 /* DataDB.swift in Sources */ = {isa = PBXBuildFile; fileRef = 521EDA252866C00F00AD6098 /* DataDB.swift */; };
		5230F89C280BE17900CFAF1F /* InsideShadowController.swift in Sources */ = {isa = PBXBuildFile; fileRef = 5230F89B280BE17900CFAF1F /* InsideShadowController.swift */; };
		5230F8A2280C0DDF00CFAF1F /* NetWorkManager.swift in Sources */ = {isa = PBXBuildFile; fileRef = 5230F8A1280C0DDF00CFAF1F /* NetWorkManager.swift */; };
		5230F8A4280C0DF000CFAF1F /* GCDManager.swift in Sources */ = {isa = PBXBuildFile; fileRef = 5230F8A3280C0DF000CFAF1F /* GCDManager.swift */; };
		5230F8A6280C0E0100CFAF1F /* MemoryManager.swift in Sources */ = {isa = PBXBuildFile; fileRef = 5230F8A5280C0E0100CFAF1F /* MemoryManager.swift */; };
		523BD86D28981D6400A62840 /* GCDBarrierController.swift in Sources */ = {isa = PBXBuildFile; fileRef = 523BD86C28981D6400A62840 /* GCDBarrierController.swift */; };
		523BD87028A15E7E00A62840 /* ConcurrencyController.swift in Sources */ = {isa = PBXBuildFile; fileRef = 523BD86F28A15E7E00A62840 /* ConcurrencyController.swift */; };
		523BD87328A86DAD00A62840 /* GRDBController.swift in Sources */ = {isa = PBXBuildFile; fileRef = 523BD87228A86DAD00A62840 /* GRDBController.swift */; };
		523BD87628A8BE6300A62840 /* DBInit.swift in Sources */ = {isa = PBXBuildFile; fileRef = 523BD87528A8BE6300A62840 /* DBInit.swift */; };
		525F89FE28F832CF00C2E8DB /* RegularExpressionController.swift in Sources */ = {isa = PBXBuildFile; fileRef = 525F89FD28F832CF00C2E8DB /* RegularExpressionController.swift */; };
		52B4F4912849D9F10042033E /* CWBanner.swift in Sources */ = {isa = PBXBuildFile; fileRef = 52B4F4902849D9F10042033E /* CWBanner.swift */; };
		52B4F4932849DA080042033E /* CWSwiftFlowLayout.swift in Sources */ = {isa = PBXBuildFile; fileRef = 52B4F4922849DA080042033E /* CWSwiftFlowLayout.swift */; };
		52B4F4952849DA570042033E /* CWBannerController.swift in Sources */ = {isa = PBXBuildFile; fileRef = 52B4F4942849DA570042033E /* CWBannerController.swift */; };
		52B4F4972849DAD60042033E /* CWProxy.swift in Sources */ = {isa = PBXBuildFile; fileRef = 52B4F4962849DAD60042033E /* CWProxy.swift */; };
		52B4F499284E1D8D0042033E /* BezLayerController.swift in Sources */ = {isa = PBXBuildFile; fileRef = 52B4F498284E1D8D0042033E /* BezLayerController.swift */; };
		52C989E027F067860048F4CD /* AppDelegate.swift in Sources */ = {isa = PBXBuildFile; fileRef = 52C989DF27F067860048F4CD /* AppDelegate.swift */; };
		52C989E227F067860048F4CD /* SceneDelegate.swift in Sources */ = {isa = PBXBuildFile; fileRef = 52C989E127F067860048F4CD /* SceneDelegate.swift */; };
		52C989E727F067860048F4CD /* Main.storyboard in Resources */ = {isa = PBXBuildFile; fileRef = 52C989E527F067860048F4CD /* Main.storyboard */; };
		52C989E927F067890048F4CD /* Assets.xcassets in Resources */ = {isa = PBXBuildFile; fileRef = 52C989E827F067890048F4CD /* Assets.xcassets */; };
		52C989EC27F067890048F4CD /* LaunchScreen.storyboard in Resources */ = {isa = PBXBuildFile; fileRef = 52C989EA27F067890048F4CD /* LaunchScreen.storyboard */; };
		52C989F527F068F20048F4CD /* FunctionCodeView.swift in Sources */ = {isa = PBXBuildFile; fileRef = 52C989F427F068F20048F4CD /* FunctionCodeView.swift */; };
		52C989F727F06A430048F4CD /* FunctionViewController.swift in Sources */ = {isa = PBXBuildFile; fileRef = 52C989F627F06A430048F4CD /* FunctionViewController.swift */; };
		52CDD32B27F1E529009A25FB /* SQLModel.swift in Sources */ = {isa = PBXBuildFile; fileRef = 52CDD32A27F1E529009A25FB /* SQLModel.swift */; };
		52CDD32D27F1E54E009A25FB /* FMDBManager.swift in Sources */ = {isa = PBXBuildFile; fileRef = 52CDD32C27F1E54E009A25FB /* FMDBManager.swift */; };
		52CDD32F27F1ECEB009A25FB /* TransactionDB.swift in Sources */ = {isa = PBXBuildFile; fileRef = 52CDD32E27F1ECEB009A25FB /* TransactionDB.swift */; };
		52CDD33127F1ED04009A25FB /* TransactionDetailDB.swift in Sources */ = {isa = PBXBuildFile; fileRef = 52CDD33027F1ED04009A25FB /* TransactionDetailDB.swift */; };
		52CDD33327F1F0F5009A25FB /* RequestResponseModel.swift in Sources */ = {isa = PBXBuildFile; fileRef = 52CDD33227F1F0F5009A25FB /* RequestResponseModel.swift */; };
		52CDD33527F1F4C0009A25FB /* FMDBController.swift in Sources */ = {isa = PBXBuildFile; fileRef = 52CDD33427F1F4C0009A25FB /* FMDBController.swift */; };
		52CDD33827F1F6EE009A25FB /* Inject.swift in Sources */ = {isa = PBXBuildFile; fileRef = 52CDD33727F1F6EE009A25FB /* Inject.swift */; };
		52CDD33A27F1F710009A25FB /* Resolver.swift in Sources */ = {isa = PBXBuildFile; fileRef = 52CDD33927F1F710009A25FB /* Resolver.swift */; };
		52CDD33D27F1F77D009A25FB /* APIManager.swift in Sources */ = {isa = PBXBuildFile; fileRef = 52CDD33C27F1F77D009A25FB /* APIManager.swift */; };
		52CDD34027F1F7F9009A25FB /* CoreDataManager.swift in Sources */ = {isa = PBXBuildFile; fileRef = 52CDD33F27F1F7F9009A25FB /* CoreDataManager.swift */; };
		52CDD34327F1F833009A25FB /* CoreDataModel.xcdatamodeld in Sources */ = {isa = PBXBuildFile; fileRef = 52CDD34127F1F833009A25FB /* CoreDataModel.xcdatamodeld */; };
		52CDD34627F1FBC3009A25FB /* Extensions.swift in Sources */ = {isa = PBXBuildFile; fileRef = 52CDD34527F1FBC3009A25FB /* Extensions.swift */; };
		52D0461C290C379A00255D67 /* ConvertPointController.swift in Sources */ = {isa = PBXBuildFile; fileRef = 52D0461B290C379A00255D67 /* ConvertPointController.swift */; };
		52D3F90E28143A6E001AE32E /* SetTableViewController.swift in Sources */ = {isa = PBXBuildFile; fileRef = 52D3F90D28143A6E001AE32E /* SetTableViewController.swift */; };
		52D3F9102814553D001AE32E /* TableViewCell.swift in Sources */ = {isa = PBXBuildFile; fileRef = 52D3F90F2814553D001AE32E /* TableViewCell.swift */; };
		52D3F91328145709001AE32E /* SetCollectionViewController.swift in Sources */ = {isa = PBXBuildFile; fileRef = 52D3F91228145709001AE32E /* SetCollectionViewController.swift */; };
		52D3F91528145718001AE32E /* CollectionViewCell.swift in Sources */ = {isa = PBXBuildFile; fileRef = 52D3F91428145718001AE32E /* CollectionViewCell.swift */; };
		52EB6E7828BFD1E400D85784 /* ResponderChainController.swift in Sources */ = {isa = PBXBuildFile; fileRef = 52EB6E7728BFD1E400D85784 /* ResponderChainController.swift */; };
		862A908A6CEBF906E68AEF34 /* Pods_Utility.framework in Frameworks */ = {isa = PBXBuildFile; fileRef = EBBF6AA440EFC3F2B1837B60 /* Pods_Utility.framework */; };
		CE00324828F8F235006C6A0D /* SwiftView.swift in Sources */ = {isa = PBXBuildFile; fileRef = CE00324728F8F235006C6A0D /* SwiftView.swift */; };
		CE00324B28F8F739006C6A0D /* PATController.swift in Sources */ = {isa = PBXBuildFile; fileRef = CE00324A28F8F739006C6A0D /* PATController.swift */; };
		CE009DC428408EF200065556 /* BasicAnimateController.swift in Sources */ = {isa = PBXBuildFile; fileRef = CE009DC328408EF200065556 /* BasicAnimateController.swift */; };
		CE2124E028360F7D00F230C7 /* PaddingTextField.swift in Sources */ = {isa = PBXBuildFile; fileRef = CE2124DF28360F7D00F230C7 /* PaddingTextField.swift */; };
		CE21AD842817BCF80083169F /* ReplicatorLayerController.swift in Sources */ = {isa = PBXBuildFile; fileRef = CE21AD832817BCF80083169F /* ReplicatorLayerController.swift */; };
		CE21AD862817CDB10083169F /* DiceController.swift in Sources */ = {isa = PBXBuildFile; fileRef = CE21AD852817CDB10083169F /* DiceController.swift */; };
		CE21AE092818F8150083169F /* ReuseUI.swift in Sources */ = {isa = PBXBuildFile; fileRef = CE21AE082818F8150083169F /* ReuseUI.swift */; };
		CE21AE7A28212E680083169F /* Coordinator.swift in Sources */ = {isa = PBXBuildFile; fileRef = CE21AE7928212E670083169F /* Coordinator.swift */; };
		CE35664B289BB5A800910ADF /* VisionController.swift in Sources */ = {isa = PBXBuildFile; fileRef = CE35664A289BB5A800910ADF /* VisionController.swift */; };
		CE362DC828F7F5D800B4DDF4 /* DirectionUtil.swift in Sources */ = {isa = PBXBuildFile; fileRef = CE362DC728F7F5D800B4DDF4 /* DirectionUtil.swift */; };
		CE362DCB28F7F5FA00B4DDF4 /* DirectionController.swift in Sources */ = {isa = PBXBuildFile; fileRef = CE362DCA28F7F5FA00B4DDF4 /* DirectionController.swift */; };
		CE4B201128922B8D004D9A91 /* JsonGifController.swift in Sources */ = {isa = PBXBuildFile; fileRef = CE4B201028922B8D004D9A91 /* JsonGifController.swift */; };
		CEBB58662851DD87006A922C /* TestController.swift in Sources */ = {isa = PBXBuildFile; fileRef = CEBB58652851DD87006A922C /* TestController.swift */; };
		CEBB58692851E110006A922C /* PropertyNameController.swift in Sources */ = {isa = PBXBuildFile; fileRef = CEBB58682851E110006A922C /* PropertyNameController.swift */; };
		CEBE4BAD282BB44A00E15D70 /* CoordinatorCombine.swift in Sources */ = {isa = PBXBuildFile; fileRef = CEBE4BAC282BB44A00E15D70 /* CoordinatorCombine.swift */; };
		CEBE4BB0282CF34700E15D70 /* CombineController.swift in Sources */ = {isa = PBXBuildFile; fileRef = CEBE4BAF282CF34700E15D70 /* CombineController.swift */; };
		CEBE4BB7282E0F0B00E15D70 /* SystemAlertController.swift in Sources */ = {isa = PBXBuildFile; fileRef = CEBE4BB6282E0F0B00E15D70 /* SystemAlertController.swift */; };
		CEBE4C30282E698400E15D70 /* PermissionUtil.swift in Sources */ = {isa = PBXBuildFile; fileRef = CEBE4C2F282E698400E15D70 /* PermissionUtil.swift */; };
		CEC74558287801AA0019B95D /* UIImage+Gif.swift in Sources */ = {isa = PBXBuildFile; fileRef = CEC74557287801AA0019B95D /* UIImage+Gif.swift */; };
		CECF95B728000C3700FA81C8 /* AlertController.swift in Sources */ = {isa = PBXBuildFile; fileRef = CECF95B628000C3700FA81C8 /* AlertController.swift */; };
		CECF95B928000C4100FA81C8 /* AlertUtil.swift in Sources */ = {isa = PBXBuildFile; fileRef = CECF95B828000C4100FA81C8 /* AlertUtil.swift */; };
		CED696CB280D6FC5008793EB /* ScrollEditController.swift in Sources */ = {isa = PBXBuildFile; fileRef = CED696CA280D6FC5008793EB /* ScrollEditController.swift */; };
		CED696E328112F87008793EB /* InterruptibleAnimateController.swift in Sources */ = {isa = PBXBuildFile; fileRef = CED696E228112F87008793EB /* InterruptibleAnimateController.swift */; };
		CEDC1C46281635780038BE7F /* AnimateController.swift in Sources */ = {isa = PBXBuildFile; fileRef = CEDC1C45281635780038BE7F /* AnimateController.swift */; };
		CEDC1C4928166FFE0038BE7F /* PageViewController.swift in Sources */ = {isa = PBXBuildFile; fileRef = CEDC1C4828166FFE0038BE7F /* PageViewController.swift */; };
		CEDC1C4C28169A4B0038BE7F /* Rotate3DController.swift in Sources */ = {isa = PBXBuildFile; fileRef = CEDC1C4B28169A4B0038BE7F /* Rotate3DController.swift */; };
		CEDF979228471BB1007F1B8D /* UtilityTests.swift in Sources */ = {isa = PBXBuildFile; fileRef = CEDF979128471BB1007F1B8D /* UtilityTests.swift */; };
		CEDF979A28471C74007F1B8D /* MulitipleAlertController.swift in Sources */ = {isa = PBXBuildFile; fileRef = CEDF979828471C74007F1B8D /* MulitipleAlertController.swift */; };
		CEDF979B28471C74007F1B8D /* SingleAlertController.swift in Sources */ = {isa = PBXBuildFile; fileRef = CEDF979928471C74007F1B8D /* SingleAlertController.swift */; };
		CEE138E32898FFD20088419B /* PhotoUtil.swift in Sources */ = {isa = PBXBuildFile; fileRef = CEE138E22898FFD20088419B /* PhotoUtil.swift */; };
		CEE138EE2899160E0088419B /* ShareModel.swift in Sources */ = {isa = PBXBuildFile; fileRef = CEE138ED2899160E0088419B /* ShareModel.swift */; };
		CEEE7FEF2852F9B50046CB2F /* APIService.swift in Sources */ = {isa = PBXBuildFile; fileRef = CEEE7FEE2852F9B50046CB2F /* APIService.swift */; };
		CEF25757285B1FAE00FB26C9 /* ShareController.swift in Sources */ = {isa = PBXBuildFile; fileRef = CEF25756285B1FAE00FB26C9 /* ShareController.swift */; };
		CEF51E1F284D8EB700DFFB35 /* TransitionUtil.swift in Sources */ = {isa = PBXBuildFile; fileRef = CEF51E1E284D8EB700DFFB35 /* TransitionUtil.swift */; };
		CEFA4D26283F210300F34727 /* UIViewAnimationQueue.swift in Sources */ = {isa = PBXBuildFile; fileRef = CEFA4D25283F210300F34727 /* UIViewAnimationQueue.swift */; };
		CEFA4D29283F213700F34727 /* AnimateLabelAnimateLabelView.swift in Sources */ = {isa = PBXBuildFile; fileRef = CEFA4D28283F213700F34727 /* AnimateLabelAnimateLabelView.swift */; };
		CEFA4D2B283F4C7600F34727 /* WaterController.swift in Sources */ = {isa = PBXBuildFile; fileRef = CEFA4D2A283F4C7600F34727 /* WaterController.swift */; };
		CEFA4D2D283F4D5B00F34727 /* WaveView.swift in Sources */ = {isa = PBXBuildFile; fileRef = CEFA4D2C283F4D5B00F34727 /* WaveView.swift */; };
		CEFF5630283E355A0055623A /* AnimateLabelController.swift in Sources */ = {isa = PBXBuildFile; fileRef = CEFF562F283E355A0055623A /* AnimateLabelController.swift */; };
/* End PBXBuildFile section */

/* Begin PBXContainerItemProxy section */
		CEDF979328471BB1007F1B8D /* PBXContainerItemProxy */ = {
			isa = PBXContainerItemProxy;
			containerPortal = 52C989D427F067860048F4CD /* Project object */;
			proxyType = 1;
			remoteGlobalIDString = 52C989DB27F067860048F4CD;
			remoteInfo = Utility;
		};
/* End PBXContainerItemProxy section */

/* Begin PBXFileReference section */
		5012B534A7F328082D8809F1 /* Pods-Utility.debug.xcconfig */ = {isa = PBXFileReference; includeInIndex = 1; lastKnownFileType = text.xcconfig; name = "Pods-Utility.debug.xcconfig"; path = "Target Support Files/Pods-Utility/Pods-Utility.debug.xcconfig"; sourceTree = "<group>"; };
		521EDA252866C00F00AD6098 /* DataDB.swift */ = {isa = PBXFileReference; lastKnownFileType = sourcecode.swift; path = DataDB.swift; sourceTree = "<group>"; };
		5230F89B280BE17900CFAF1F /* InsideShadowController.swift */ = {isa = PBXFileReference; lastKnownFileType = sourcecode.swift; path = InsideShadowController.swift; sourceTree = "<group>"; };
		5230F8A1280C0DDF00CFAF1F /* NetWorkManager.swift */ = {isa = PBXFileReference; lastKnownFileType = sourcecode.swift; path = NetWorkManager.swift; sourceTree = "<group>"; };
		5230F8A3280C0DF000CFAF1F /* GCDManager.swift */ = {isa = PBXFileReference; lastKnownFileType = sourcecode.swift; path = GCDManager.swift; sourceTree = "<group>"; };
		5230F8A5280C0E0100CFAF1F /* MemoryManager.swift */ = {isa = PBXFileReference; lastKnownFileType = sourcecode.swift; path = MemoryManager.swift; sourceTree = "<group>"; };
		523BD86C28981D6400A62840 /* GCDBarrierController.swift */ = {isa = PBXFileReference; lastKnownFileType = sourcecode.swift; path = GCDBarrierController.swift; sourceTree = "<group>"; };
		523BD86F28A15E7E00A62840 /* ConcurrencyController.swift */ = {isa = PBXFileReference; lastKnownFileType = sourcecode.swift; path = ConcurrencyController.swift; sourceTree = "<group>"; };
		523BD87228A86DAD00A62840 /* GRDBController.swift */ = {isa = PBXFileReference; lastKnownFileType = sourcecode.swift; path = GRDBController.swift; sourceTree = "<group>"; };
		523BD87528A8BE6300A62840 /* DBInit.swift */ = {isa = PBXFileReference; lastKnownFileType = sourcecode.swift; path = DBInit.swift; sourceTree = "<group>"; };
		525F89FD28F832CF00C2E8DB /* RegularExpressionController.swift */ = {isa = PBXFileReference; lastKnownFileType = sourcecode.swift; path = RegularExpressionController.swift; sourceTree = "<group>"; };
		52B4F4902849D9F10042033E /* CWBanner.swift */ = {isa = PBXFileReference; lastKnownFileType = sourcecode.swift; path = CWBanner.swift; sourceTree = "<group>"; };
		52B4F4922849DA080042033E /* CWSwiftFlowLayout.swift */ = {isa = PBXFileReference; lastKnownFileType = sourcecode.swift; path = CWSwiftFlowLayout.swift; sourceTree = "<group>"; };
		52B4F4942849DA570042033E /* CWBannerController.swift */ = {isa = PBXFileReference; lastKnownFileType = sourcecode.swift; path = CWBannerController.swift; sourceTree = "<group>"; };
		52B4F4962849DAD60042033E /* CWProxy.swift */ = {isa = PBXFileReference; lastKnownFileType = sourcecode.swift; path = CWProxy.swift; sourceTree = "<group>"; };
		52B4F498284E1D8D0042033E /* BezLayerController.swift */ = {isa = PBXFileReference; lastKnownFileType = sourcecode.swift; path = BezLayerController.swift; sourceTree = "<group>"; };
		52C989DC27F067860048F4CD /* Utility.app */ = {isa = PBXFileReference; explicitFileType = wrapper.application; includeInIndex = 0; path = Utility.app; sourceTree = BUILT_PRODUCTS_DIR; };
		52C989DF27F067860048F4CD /* AppDelegate.swift */ = {isa = PBXFileReference; lastKnownFileType = sourcecode.swift; path = AppDelegate.swift; sourceTree = "<group>"; };
		52C989E127F067860048F4CD /* SceneDelegate.swift */ = {isa = PBXFileReference; lastKnownFileType = sourcecode.swift; path = SceneDelegate.swift; sourceTree = "<group>"; };
		52C989E627F067860048F4CD /* Base */ = {isa = PBXFileReference; lastKnownFileType = file.storyboard; name = Base; path = Base.lproj/Main.storyboard; sourceTree = "<group>"; };
		52C989E827F067890048F4CD /* Assets.xcassets */ = {isa = PBXFileReference; lastKnownFileType = folder.assetcatalog; path = Assets.xcassets; sourceTree = "<group>"; };
		52C989EB27F067890048F4CD /* Base */ = {isa = PBXFileReference; lastKnownFileType = file.storyboard; name = Base; path = Base.lproj/LaunchScreen.storyboard; sourceTree = "<group>"; };
		52C989ED27F067890048F4CD /* Info.plist */ = {isa = PBXFileReference; lastKnownFileType = text.plist.xml; path = Info.plist; sourceTree = "<group>"; };
		52C989F427F068F20048F4CD /* FunctionCodeView.swift */ = {isa = PBXFileReference; lastKnownFileType = sourcecode.swift; path = FunctionCodeView.swift; sourceTree = "<group>"; };
		52C989F627F06A430048F4CD /* FunctionViewController.swift */ = {isa = PBXFileReference; lastKnownFileType = sourcecode.swift; path = FunctionViewController.swift; sourceTree = "<group>"; };
		52CDD32A27F1E529009A25FB /* SQLModel.swift */ = {isa = PBXFileReference; lastKnownFileType = sourcecode.swift; path = SQLModel.swift; sourceTree = "<group>"; };
		52CDD32C27F1E54E009A25FB /* FMDBManager.swift */ = {isa = PBXFileReference; lastKnownFileType = sourcecode.swift; path = FMDBManager.swift; sourceTree = "<group>"; };
		52CDD32E27F1ECEB009A25FB /* TransactionDB.swift */ = {isa = PBXFileReference; lastKnownFileType = sourcecode.swift; path = TransactionDB.swift; sourceTree = "<group>"; };
		52CDD33027F1ED04009A25FB /* TransactionDetailDB.swift */ = {isa = PBXFileReference; lastKnownFileType = sourcecode.swift; path = TransactionDetailDB.swift; sourceTree = "<group>"; };
		52CDD33227F1F0F5009A25FB /* RequestResponseModel.swift */ = {isa = PBXFileReference; lastKnownFileType = sourcecode.swift; path = RequestResponseModel.swift; sourceTree = "<group>"; };
		52CDD33427F1F4C0009A25FB /* FMDBController.swift */ = {isa = PBXFileReference; lastKnownFileType = sourcecode.swift; path = FMDBController.swift; sourceTree = "<group>"; };
		52CDD33727F1F6EE009A25FB /* Inject.swift */ = {isa = PBXFileReference; lastKnownFileType = sourcecode.swift; path = Inject.swift; sourceTree = "<group>"; };
		52CDD33927F1F710009A25FB /* Resolver.swift */ = {isa = PBXFileReference; lastKnownFileType = sourcecode.swift; path = Resolver.swift; sourceTree = "<group>"; };
		52CDD33C27F1F77D009A25FB /* APIManager.swift */ = {isa = PBXFileReference; lastKnownFileType = sourcecode.swift; path = APIManager.swift; sourceTree = "<group>"; };
		52CDD33F27F1F7F9009A25FB /* CoreDataManager.swift */ = {isa = PBXFileReference; lastKnownFileType = sourcecode.swift; path = CoreDataManager.swift; sourceTree = "<group>"; };
		52CDD34227F1F833009A25FB /* CoreData.xcdatamodel */ = {isa = PBXFileReference; lastKnownFileType = wrapper.xcdatamodel; path = CoreData.xcdatamodel; sourceTree = "<group>"; };
		52CDD34527F1FBC3009A25FB /* Extensions.swift */ = {isa = PBXFileReference; lastKnownFileType = sourcecode.swift; path = Extensions.swift; sourceTree = "<group>"; };
		52D0461B290C379A00255D67 /* ConvertPointController.swift */ = {isa = PBXFileReference; lastKnownFileType = sourcecode.swift; path = ConvertPointController.swift; sourceTree = "<group>"; };
		52D3F90D28143A6E001AE32E /* SetTableViewController.swift */ = {isa = PBXFileReference; lastKnownFileType = sourcecode.swift; path = SetTableViewController.swift; sourceTree = "<group>"; };
		52D3F90F2814553D001AE32E /* TableViewCell.swift */ = {isa = PBXFileReference; lastKnownFileType = sourcecode.swift; path = TableViewCell.swift; sourceTree = "<group>"; };
		52D3F91228145709001AE32E /* SetCollectionViewController.swift */ = {isa = PBXFileReference; lastKnownFileType = sourcecode.swift; path = SetCollectionViewController.swift; sourceTree = "<group>"; };
		52D3F91428145718001AE32E /* CollectionViewCell.swift */ = {isa = PBXFileReference; lastKnownFileType = sourcecode.swift; path = CollectionViewCell.swift; sourceTree = "<group>"; };
		52EB6E7728BFD1E400D85784 /* ResponderChainController.swift */ = {isa = PBXFileReference; lastKnownFileType = sourcecode.swift; path = ResponderChainController.swift; sourceTree = "<group>"; };
		7FDFB702E0A02C9638AE895C /* Pods-Utility.release.xcconfig */ = {isa = PBXFileReference; includeInIndex = 1; lastKnownFileType = text.xcconfig; name = "Pods-Utility.release.xcconfig"; path = "Target Support Files/Pods-Utility/Pods-Utility.release.xcconfig"; sourceTree = "<group>"; };
		CE00324728F8F235006C6A0D /* SwiftView.swift */ = {isa = PBXFileReference; fileEncoding = 4; lastKnownFileType = sourcecode.swift; path = SwiftView.swift; sourceTree = "<group>"; };
		CE00324A28F8F739006C6A0D /* PATController.swift */ = {isa = PBXFileReference; fileEncoding = 4; lastKnownFileType = sourcecode.swift; path = PATController.swift; sourceTree = "<group>"; };
		CE009DC328408EF200065556 /* BasicAnimateController.swift */ = {isa = PBXFileReference; lastKnownFileType = sourcecode.swift; path = BasicAnimateController.swift; sourceTree = "<group>"; };
		CE2124DF28360F7D00F230C7 /* PaddingTextField.swift */ = {isa = PBXFileReference; fileEncoding = 4; lastKnownFileType = sourcecode.swift; path = PaddingTextField.swift; sourceTree = "<group>"; };
		CE21AD832817BCF80083169F /* ReplicatorLayerController.swift */ = {isa = PBXFileReference; lastKnownFileType = sourcecode.swift; path = ReplicatorLayerController.swift; sourceTree = "<group>"; };
		CE21AD852817CDB10083169F /* DiceController.swift */ = {isa = PBXFileReference; lastKnownFileType = sourcecode.swift; path = DiceController.swift; sourceTree = "<group>"; };
		CE21AE082818F8150083169F /* ReuseUI.swift */ = {isa = PBXFileReference; lastKnownFileType = sourcecode.swift; path = ReuseUI.swift; sourceTree = "<group>"; };
		CE21AE7928212E670083169F /* Coordinator.swift */ = {isa = PBXFileReference; fileEncoding = 4; lastKnownFileType = sourcecode.swift; path = Coordinator.swift; sourceTree = "<group>"; };
		CE35664A289BB5A800910ADF /* VisionController.swift */ = {isa = PBXFileReference; lastKnownFileType = sourcecode.swift; path = VisionController.swift; sourceTree = "<group>"; };
		CE362DC728F7F5D800B4DDF4 /* DirectionUtil.swift */ = {isa = PBXFileReference; lastKnownFileType = sourcecode.swift; path = DirectionUtil.swift; sourceTree = "<group>"; };
		CE362DCA28F7F5FA00B4DDF4 /* DirectionController.swift */ = {isa = PBXFileReference; lastKnownFileType = sourcecode.swift; path = DirectionController.swift; sourceTree = "<group>"; };
		CE4B201028922B8D004D9A91 /* JsonGifController.swift */ = {isa = PBXFileReference; lastKnownFileType = sourcecode.swift; path = JsonGifController.swift; sourceTree = "<group>"; };
		CEBB58652851DD87006A922C /* TestController.swift */ = {isa = PBXFileReference; lastKnownFileType = sourcecode.swift; path = TestController.swift; sourceTree = "<group>"; };
		CEBB58682851E110006A922C /* PropertyNameController.swift */ = {isa = PBXFileReference; lastKnownFileType = sourcecode.swift; path = PropertyNameController.swift; sourceTree = "<group>"; };
		CEBE4BAC282BB44A00E15D70 /* CoordinatorCombine.swift */ = {isa = PBXFileReference; lastKnownFileType = sourcecode.swift; path = CoordinatorCombine.swift; sourceTree = "<group>"; };
		CEBE4BAF282CF34700E15D70 /* CombineController.swift */ = {isa = PBXFileReference; lastKnownFileType = sourcecode.swift; path = CombineController.swift; sourceTree = "<group>"; };
		CEBE4BB6282E0F0B00E15D70 /* SystemAlertController.swift */ = {isa = PBXFileReference; lastKnownFileType = sourcecode.swift; path = SystemAlertController.swift; sourceTree = "<group>"; };
		CEBE4C2F282E698400E15D70 /* PermissionUtil.swift */ = {isa = PBXFileReference; fileEncoding = 4; lastKnownFileType = sourcecode.swift; path = PermissionUtil.swift; sourceTree = "<group>"; };
		CEC74557287801AA0019B95D /* UIImage+Gif.swift */ = {isa = PBXFileReference; lastKnownFileType = sourcecode.swift; path = "UIImage+Gif.swift"; sourceTree = "<group>"; };
		CECF95B628000C3700FA81C8 /* AlertController.swift */ = {isa = PBXFileReference; lastKnownFileType = sourcecode.swift; path = AlertController.swift; sourceTree = "<group>"; };
		CECF95B828000C4100FA81C8 /* AlertUtil.swift */ = {isa = PBXFileReference; lastKnownFileType = sourcecode.swift; path = AlertUtil.swift; sourceTree = "<group>"; };
		CED696CA280D6FC5008793EB /* ScrollEditController.swift */ = {isa = PBXFileReference; lastKnownFileType = sourcecode.swift; path = ScrollEditController.swift; sourceTree = "<group>"; };
		CED696E228112F87008793EB /* InterruptibleAnimateController.swift */ = {isa = PBXFileReference; lastKnownFileType = sourcecode.swift; path = InterruptibleAnimateController.swift; sourceTree = "<group>"; };
		CEDC1C45281635780038BE7F /* AnimateController.swift */ = {isa = PBXFileReference; lastKnownFileType = sourcecode.swift; path = AnimateController.swift; sourceTree = "<group>"; };
		CEDC1C4828166FFE0038BE7F /* PageViewController.swift */ = {isa = PBXFileReference; lastKnownFileType = sourcecode.swift; path = PageViewController.swift; sourceTree = "<group>"; };
		CEDC1C4B28169A4B0038BE7F /* Rotate3DController.swift */ = {isa = PBXFileReference; lastKnownFileType = sourcecode.swift; path = Rotate3DController.swift; sourceTree = "<group>"; };
		CEDF978F28471BB1007F1B8D /* UtilityTests.xctest */ = {isa = PBXFileReference; explicitFileType = wrapper.cfbundle; includeInIndex = 0; path = UtilityTests.xctest; sourceTree = BUILT_PRODUCTS_DIR; };
		CEDF979128471BB1007F1B8D /* UtilityTests.swift */ = {isa = PBXFileReference; lastKnownFileType = sourcecode.swift; path = UtilityTests.swift; sourceTree = "<group>"; };
		CEDF979828471C74007F1B8D /* MulitipleAlertController.swift */ = {isa = PBXFileReference; fileEncoding = 4; lastKnownFileType = sourcecode.swift; path = MulitipleAlertController.swift; sourceTree = "<group>"; };
		CEDF979928471C74007F1B8D /* SingleAlertController.swift */ = {isa = PBXFileReference; fileEncoding = 4; lastKnownFileType = sourcecode.swift; path = SingleAlertController.swift; sourceTree = "<group>"; };
		CEE138E22898FFD20088419B /* PhotoUtil.swift */ = {isa = PBXFileReference; fileEncoding = 4; lastKnownFileType = sourcecode.swift; path = PhotoUtil.swift; sourceTree = "<group>"; };
		CEE138ED2899160E0088419B /* ShareModel.swift */ = {isa = PBXFileReference; fileEncoding = 4; lastKnownFileType = sourcecode.swift; path = ShareModel.swift; sourceTree = "<group>"; };
		CEEE7FEE2852F9B50046CB2F /* APIService.swift */ = {isa = PBXFileReference; lastKnownFileType = sourcecode.swift; path = APIService.swift; sourceTree = "<group>"; };
		CEF25756285B1FAE00FB26C9 /* ShareController.swift */ = {isa = PBXFileReference; lastKnownFileType = sourcecode.swift; path = ShareController.swift; sourceTree = "<group>"; };
		CEF51E1E284D8EB700DFFB35 /* TransitionUtil.swift */ = {isa = PBXFileReference; lastKnownFileType = sourcecode.swift; path = TransitionUtil.swift; sourceTree = "<group>"; };
		CEFA4D25283F210300F34727 /* UIViewAnimationQueue.swift */ = {isa = PBXFileReference; fileEncoding = 4; lastKnownFileType = sourcecode.swift; path = UIViewAnimationQueue.swift; sourceTree = "<group>"; };
		CEFA4D28283F213700F34727 /* AnimateLabelAnimateLabelView.swift */ = {isa = PBXFileReference; fileEncoding = 4; lastKnownFileType = sourcecode.swift; path = AnimateLabelAnimateLabelView.swift; sourceTree = "<group>"; };
		CEFA4D2A283F4C7600F34727 /* WaterController.swift */ = {isa = PBXFileReference; lastKnownFileType = sourcecode.swift; path = WaterController.swift; sourceTree = "<group>"; };
		CEFA4D2C283F4D5B00F34727 /* WaveView.swift */ = {isa = PBXFileReference; lastKnownFileType = sourcecode.swift; path = WaveView.swift; sourceTree = "<group>"; };
		CEFF562F283E355A0055623A /* AnimateLabelController.swift */ = {isa = PBXFileReference; lastKnownFileType = sourcecode.swift; path = AnimateLabelController.swift; sourceTree = "<group>"; };
		EBBF6AA440EFC3F2B1837B60 /* Pods_Utility.framework */ = {isa = PBXFileReference; explicitFileType = wrapper.framework; includeInIndex = 0; path = Pods_Utility.framework; sourceTree = BUILT_PRODUCTS_DIR; };
/* End PBXFileReference section */

/* Begin PBXFrameworksBuildPhase section */
		52C989D927F067860048F4CD /* Frameworks */ = {
			isa = PBXFrameworksBuildPhase;
			buildActionMask = 2147483647;
			files = (
				862A908A6CEBF906E68AEF34 /* Pods_Utility.framework in Frameworks */,
			);
			runOnlyForDeploymentPostprocessing = 0;
		};
		CEDF978C28471BB1007F1B8D /* Frameworks */ = {
			isa = PBXFrameworksBuildPhase;
			buildActionMask = 2147483647;
			files = (
			);
			runOnlyForDeploymentPostprocessing = 0;
		};
/* End PBXFrameworksBuildPhase section */

/* Begin PBXGroup section */
		5230F89A280BE03000CFAF1F /* Shadow */ = {
			isa = PBXGroup;
			children = (
				5230F89B280BE17900CFAF1F /* InsideShadowController.swift */,
			);
			path = Shadow;
			sourceTree = "<group>";
		};
		5230F8A0280C0DD500CFAF1F /* Manager */ = {
			isa = PBXGroup;
			children = (
				5230F8A1280C0DDF00CFAF1F /* NetWorkManager.swift */,
				5230F8A5280C0E0100CFAF1F /* MemoryManager.swift */,
			);
			path = Manager;
			sourceTree = "<group>";
		};
		523BD86B28981D2000A62840 /* GCDBarrier */ = {
			isa = PBXGroup;
			children = (
				523BD86C28981D6400A62840 /* GCDBarrierController.swift */,
			);
			path = GCDBarrier;
			sourceTree = "<group>";
		};
		523BD86E28A15E6B00A62840 /* Concurrency */ = {
			isa = PBXGroup;
			children = (
				523BD86F28A15E7E00A62840 /* ConcurrencyController.swift */,
			);
			path = Concurrency;
			sourceTree = "<group>";
		};
		523BD87128A86D9F00A62840 /* GRDB */ = {
			isa = PBXGroup;
			children = (
				523BD87228A86DAD00A62840 /* GRDBController.swift */,
				523BD87528A8BE6300A62840 /* DBInit.swift */,
			);
			path = GRDB;
			sourceTree = "<group>";
		};
		525F89FC28F832A300C2E8DB /* RegularExpression */ = {
			isa = PBXGroup;
			children = (
				525F89FD28F832CF00C2E8DB /* RegularExpressionController.swift */,
			);
			path = RegularExpression;
			sourceTree = "<group>";
		};
		52B4F48F2849D9BC0042033E /* CWCarousel */ = {
			isa = PBXGroup;
			children = (
				52B4F4942849DA570042033E /* CWBannerController.swift */,
				52B4F4902849D9F10042033E /* CWBanner.swift */,
				52B4F4922849DA080042033E /* CWSwiftFlowLayout.swift */,
				52B4F4962849DAD60042033E /* CWProxy.swift */,
			);
			path = CWCarousel;
			sourceTree = "<group>";
		};
		52C989D327F067860048F4CD = {
			isa = PBXGroup;
			children = (
				52C989DE27F067860048F4CD /* Utility */,
				CEDF979028471BB1007F1B8D /* UtilityTests */,
				52C989DD27F067860048F4CD /* Products */,
				61DB433CEDD903C35A583310 /* Pods */,
				74351C3A6155105F092EB732 /* Frameworks */,
			);
			sourceTree = "<group>";
		};
		52C989DD27F067860048F4CD /* Products */ = {
			isa = PBXGroup;
			children = (
				52C989DC27F067860048F4CD /* Utility.app */,
				CEDF978F28471BB1007F1B8D /* UtilityTests.xctest */,
			);
			name = Products;
			sourceTree = "<group>";
		};
		52C989DE27F067860048F4CD /* Utility */ = {
			isa = PBXGroup;
			children = (
				52C989DF27F067860048F4CD /* AppDelegate.swift */,
				52C989E127F067860048F4CD /* SceneDelegate.swift */,
				CEBB58652851DD87006A922C /* TestController.swift */,
				52D0461A290C378300255D67 /* ConvertPoint */,
				CE00324C28F8F73D006C6A0D /* PAT */,
				525F89FC28F832A300C2E8DB /* RegularExpression */,
				CE362DC928F7F5EE00B4DDF4 /* Direction */,
				52EB6E7628BFD1B500D85784 /* ResponderChain */,
				523BD87128A86D9F00A62840 /* GRDB */,
				523BD86E28A15E6B00A62840 /* Concurrency */,
				523BD86B28981D2000A62840 /* GCDBarrier */,
				52CDD34427F1FBB2009A25FB /* Tool */,
				CECF95B528000C0B00FA81C8 /* Alert */,
				CE356649289BB58800910ADF /* VisionKit */,
				52C989F327F068C90048F4CD /* FunctionView */,
				52CDD32927F1E4DE009A25FB /* FMDB */,
				CE21AE7828212E4C0083169F /* Coordinator */,
				CEFA4D27283F211900F34727 /* AnimateDigitialLabel */,
				CEBE4BAE282CF32C00E15D70 /* Combine */,
				CE21AD822817BCE70083169F /* Layer */,
				CEDC1C4728166FEB0038BE7F /* BookTurePage */,
				CEDC1C4A28169A2A0038BE7F /* 3D */,
				CEDC1C44281635640038BE7F /* Animate */,
				52D3F90C28143A58001AE32E /* UITableView */,
				52D3F911281456EC001AE32E /* UICollectionView */,
				CED696E128112F74008793EB /* InterruptibleAnimate */,
				CED696C9280D6FB2008793EB /* ScrollEdit */,
				CE00324628F8F1E8006C6A0D /* GCD */,
				5230F8A0280C0DD500CFAF1F /* Manager */,
				5230F89A280BE03000CFAF1F /* Shadow */,
				52CDD33627F1F6D3009A25FB /* Inject */,
				52CDD33B27F1F76C009A25FB /* API */,
				52B4F48F2849D9BC0042033E /* CWCarousel */,
				52CDD33E27F1F7DF009A25FB /* CoreData */,
				CEBB58672851E0F5006A922C /* PropertyName */,
				CE4B200F28922B76004D9A91 /* JsonGif */,
				CEF25755285B1F9C00FB26C9 /* Share */,
				52C989E527F067860048F4CD /* Main.storyboard */,
				52C989E827F067890048F4CD /* Assets.xcassets */,
				52C989EA27F067890048F4CD /* LaunchScreen.storyboard */,
				52C989ED27F067890048F4CD /* Info.plist */,
			);
			path = Utility;
			sourceTree = "<group>";
		};
		52C989F327F068C90048F4CD /* FunctionView */ = {
			isa = PBXGroup;
			children = (
				52C989F627F06A430048F4CD /* FunctionViewController.swift */,
				CE00324728F8F235006C6A0D /* SwiftView.swift */,
				52C989F427F068F20048F4CD /* FunctionCodeView.swift */,
			);
			path = FunctionView;
			sourceTree = "<group>";
		};
		52CDD32927F1E4DE009A25FB /* FMDB */ = {
			isa = PBXGroup;
			children = (
				52CDD33427F1F4C0009A25FB /* FMDBController.swift */,
				521EDA252866C00F00AD6098 /* DataDB.swift */,
				52CDD32A27F1E529009A25FB /* SQLModel.swift */,
				52CDD32C27F1E54E009A25FB /* FMDBManager.swift */,
				52CDD32E27F1ECEB009A25FB /* TransactionDB.swift */,
				52CDD33027F1ED04009A25FB /* TransactionDetailDB.swift */,
				52CDD33227F1F0F5009A25FB /* RequestResponseModel.swift */,
			);
			path = FMDB;
			sourceTree = "<group>";
		};
		52CDD33627F1F6D3009A25FB /* Inject */ = {
			isa = PBXGroup;
			children = (
				52CDD33727F1F6EE009A25FB /* Inject.swift */,
				52CDD33927F1F710009A25FB /* Resolver.swift */,
			);
			path = Inject;
			sourceTree = "<group>";
		};
		52CDD33B27F1F76C009A25FB /* API */ = {
			isa = PBXGroup;
			children = (
				52CDD33C27F1F77D009A25FB /* APIManager.swift */,
				CEEE7FEE2852F9B50046CB2F /* APIService.swift */,
			);
			path = API;
			sourceTree = "<group>";
		};
		52CDD33E27F1F7DF009A25FB /* CoreData */ = {
			isa = PBXGroup;
			children = (
				52CDD33F27F1F7F9009A25FB /* CoreDataManager.swift */,
				52CDD34127F1F833009A25FB /* CoreDataModel.xcdatamodeld */,
			);
			path = CoreData;
			sourceTree = "<group>";
		};
		52CDD34427F1FBB2009A25FB /* Tool */ = {
			isa = PBXGroup;
			children = (
				CEBE4C2F282E698400E15D70 /* PermissionUtil.swift */,
				CEE138E22898FFD20088419B /* PhotoUtil.swift */,
				52CDD34527F1FBC3009A25FB /* Extensions.swift */,
				CE21AE082818F8150083169F /* ReuseUI.swift */,
				CE2124DF28360F7D00F230C7 /* PaddingTextField.swift */,
				CEF51E1E284D8EB700DFFB35 /* TransitionUtil.swift */,
				CEC74557287801AA0019B95D /* UIImage+Gif.swift */,
			);
			path = Tool;
			sourceTree = "<group>";
		};
		52D0461A290C378300255D67 /* ConvertPoint */ = {
			isa = PBXGroup;
			children = (
				52D0461B290C379A00255D67 /* ConvertPointController.swift */,
			);
			path = ConvertPoint;
			sourceTree = "<group>";
		};
		52D3F90C28143A58001AE32E /* UITableView */ = {
			isa = PBXGroup;
			children = (
				52D3F90D28143A6E001AE32E /* SetTableViewController.swift */,
				52D3F90F2814553D001AE32E /* TableViewCell.swift */,
			);
			path = UITableView;
			sourceTree = "<group>";
		};
		52D3F911281456EC001AE32E /* UICollectionView */ = {
			isa = PBXGroup;
			children = (
				52D3F91228145709001AE32E /* SetCollectionViewController.swift */,
				52D3F91428145718001AE32E /* CollectionViewCell.swift */,
			);
			path = UICollectionView;
			sourceTree = "<group>";
		};
		52EB6E7628BFD1B500D85784 /* ResponderChain */ = {
			isa = PBXGroup;
			children = (
				52EB6E7728BFD1E400D85784 /* ResponderChainController.swift */,
			);
			path = ResponderChain;
			sourceTree = "<group>";
		};
		61DB433CEDD903C35A583310 /* Pods */ = {
			isa = PBXGroup;
			children = (
				5012B534A7F328082D8809F1 /* Pods-Utility.debug.xcconfig */,
				7FDFB702E0A02C9638AE895C /* Pods-Utility.release.xcconfig */,
			);
			path = Pods;
			sourceTree = "<group>";
		};
		74351C3A6155105F092EB732 /* Frameworks */ = {
			isa = PBXGroup;
			children = (
				EBBF6AA440EFC3F2B1837B60 /* Pods_Utility.framework */,
			);
			name = Frameworks;
			sourceTree = "<group>";
		};
		CE00324628F8F1E8006C6A0D /* GCD */ = {
			isa = PBXGroup;
			children = (
				5230F8A3280C0DF000CFAF1F /* GCDManager.swift */,
			);
			path = GCD;
			sourceTree = "<group>";
		};
		CE00324C28F8F73D006C6A0D /* PAT */ = {
			isa = PBXGroup;
			children = (
				CE00324A28F8F739006C6A0D /* PATController.swift */,
			);
			path = PAT;
			sourceTree = "<group>";
		};
		CE21AD822817BCE70083169F /* Layer */ = {
			isa = PBXGroup;
			children = (
				CE21AD832817BCF80083169F /* ReplicatorLayerController.swift */,
				52B4F498284E1D8D0042033E /* BezLayerController.swift */,
			);
			path = Layer;
			sourceTree = "<group>";
		};
		CE21AE7828212E4C0083169F /* Coordinator */ = {
			isa = PBXGroup;
			children = (
				CE21AE7928212E670083169F /* Coordinator.swift */,
				CEBE4BAC282BB44A00E15D70 /* CoordinatorCombine.swift */,
			);
			path = Coordinator;
			sourceTree = "<group>";
		};
		CE356649289BB58800910ADF /* VisionKit */ = {
			isa = PBXGroup;
			children = (
				CE35664A289BB5A800910ADF /* VisionController.swift */,
			);
			path = VisionKit;
			sourceTree = "<group>";
		};
		CE362DC928F7F5EE00B4DDF4 /* Direction */ = {
			isa = PBXGroup;
			children = (
				CE362DC728F7F5D800B4DDF4 /* DirectionUtil.swift */,
				CE362DCA28F7F5FA00B4DDF4 /* DirectionController.swift */,
			);
			path = Direction;
			sourceTree = "<group>";
		};
		CE4B200F28922B76004D9A91 /* JsonGif */ = {
			isa = PBXGroup;
			children = (
				CE4B201028922B8D004D9A91 /* JsonGifController.swift */,
			);
			path = JsonGif;
			sourceTree = "<group>";
		};
		CEBB58672851E0F5006A922C /* PropertyName */ = {
			isa = PBXGroup;
			children = (
				CEBB58682851E110006A922C /* PropertyNameController.swift */,
			);
			path = PropertyName;
			sourceTree = "<group>";
		};
		CEBE4BAE282CF32C00E15D70 /* Combine */ = {
			isa = PBXGroup;
			children = (
				CEBE4BAF282CF34700E15D70 /* CombineController.swift */,
			);
			path = Combine;
			sourceTree = "<group>";
		};
		CECF95B528000C0B00FA81C8 /* Alert */ = {
			isa = PBXGroup;
			children = (
				CECF95B628000C3700FA81C8 /* AlertController.swift */,
				CECF95B828000C4100FA81C8 /* AlertUtil.swift */,
				CEBE4BB6282E0F0B00E15D70 /* SystemAlertController.swift */,
				CEDF979828471C74007F1B8D /* MulitipleAlertController.swift */,
				CEDF979928471C74007F1B8D /* SingleAlertController.swift */,
			);
			path = Alert;
			sourceTree = "<group>";
		};
		CED696C9280D6FB2008793EB /* ScrollEdit */ = {
			isa = PBXGroup;
			children = (
				CED696CA280D6FC5008793EB /* ScrollEditController.swift */,
			);
			path = ScrollEdit;
			sourceTree = "<group>";
		};
		CED696E128112F74008793EB /* InterruptibleAnimate */ = {
			isa = PBXGroup;
			children = (
				CED696E228112F87008793EB /* InterruptibleAnimateController.swift */,
			);
			path = InterruptibleAnimate;
			sourceTree = "<group>";
		};
		CEDC1C44281635640038BE7F /* Animate */ = {
			isa = PBXGroup;
			children = (
				CEFA4D25283F210300F34727 /* UIViewAnimationQueue.swift */,
				CEDC1C45281635780038BE7F /* AnimateController.swift */,
				CEFF562F283E355A0055623A /* AnimateLabelController.swift */,
				CEFA4D2A283F4C7600F34727 /* WaterController.swift */,
				CEFA4D2C283F4D5B00F34727 /* WaveView.swift */,
				CE009DC328408EF200065556 /* BasicAnimateController.swift */,
			);
			path = Animate;
			sourceTree = "<group>";
		};
		CEDC1C4728166FEB0038BE7F /* BookTurePage */ = {
			isa = PBXGroup;
			children = (
				CEDC1C4828166FFE0038BE7F /* PageViewController.swift */,
			);
			path = BookTurePage;
			sourceTree = "<group>";
		};
		CEDC1C4A28169A2A0038BE7F /* 3D */ = {
			isa = PBXGroup;
			children = (
				CEDC1C4B28169A4B0038BE7F /* Rotate3DController.swift */,
				CE21AD852817CDB10083169F /* DiceController.swift */,
			);
			path = 3D;
			sourceTree = "<group>";
		};
		CEDF979028471BB1007F1B8D /* UtilityTests */ = {
			isa = PBXGroup;
			children = (
				CEDF979128471BB1007F1B8D /* UtilityTests.swift */,
			);
			path = UtilityTests;
			sourceTree = "<group>";
		};
		CEF25755285B1F9C00FB26C9 /* Share */ = {
			isa = PBXGroup;
			children = (
				CEF25756285B1FAE00FB26C9 /* ShareController.swift */,
				CEE138ED2899160E0088419B /* ShareModel.swift */,
			);
			path = Share;
			sourceTree = "<group>";
		};
		CEFA4D27283F211900F34727 /* AnimateDigitialLabel */ = {
			isa = PBXGroup;
			children = (
				CEFA4D28283F213700F34727 /* AnimateLabelAnimateLabelView.swift */,
			);
			path = AnimateDigitialLabel;
			sourceTree = "<group>";
		};
/* End PBXGroup section */

/* Begin PBXNativeTarget section */
		52C989DB27F067860048F4CD /* Utility */ = {
			isa = PBXNativeTarget;
			buildConfigurationList = 52C989F027F067890048F4CD /* Build configuration list for PBXNativeTarget "Utility" */;
			buildPhases = (
				F9AFBB25B3DB30E80C95650C /* [CP] Check Pods Manifest.lock */,
				52C989D827F067860048F4CD /* Sources */,
				52C989D927F067860048F4CD /* Frameworks */,
				52C989DA27F067860048F4CD /* Resources */,
				E08DBDA533B6F9150232D0EA /* [CP] Embed Pods Frameworks */,
			);
			buildRules = (
			);
			dependencies = (
			);
			name = Utility;
			productName = Utility;
			productReference = 52C989DC27F067860048F4CD /* Utility.app */;
			productType = "com.apple.product-type.application";
		};
		CEDF978E28471BB1007F1B8D /* UtilityTests */ = {
			isa = PBXNativeTarget;
			buildConfigurationList = CEDF979728471BB1007F1B8D /* Build configuration list for PBXNativeTarget "UtilityTests" */;
			buildPhases = (
				CEDF978B28471BB1007F1B8D /* Sources */,
				CEDF978C28471BB1007F1B8D /* Frameworks */,
				CEDF978D28471BB1007F1B8D /* Resources */,
			);
			buildRules = (
			);
			dependencies = (
				CEDF979428471BB1007F1B8D /* PBXTargetDependency */,
			);
			name = UtilityTests;
			productName = UtilityTests;
			productReference = CEDF978F28471BB1007F1B8D /* UtilityTests.xctest */;
			productType = "com.apple.product-type.bundle.unit-test";
		};
/* End PBXNativeTarget section */

/* Begin PBXProject section */
		52C989D427F067860048F4CD /* Project object */ = {
			isa = PBXProject;
			attributes = {
				BuildIndependentTargetsInParallel = 1;
				LastSwiftUpdateCheck = 1320;
				LastUpgradeCheck = 1320;
				TargetAttributes = {
					52C989DB27F067860048F4CD = {
						CreatedOnToolsVersion = 13.2;
					};
					CEDF978E28471BB1007F1B8D = {
						CreatedOnToolsVersion = 13.2.1;
						TestTargetID = 52C989DB27F067860048F4CD;
					};
				};
			};
			buildConfigurationList = 52C989D727F067860048F4CD /* Build configuration list for PBXProject "Utility" */;
			compatibilityVersion = "Xcode 13.0";
			developmentRegion = en;
			hasScannedForEncodings = 0;
			knownRegions = (
				en,
				Base,
			);
			mainGroup = 52C989D327F067860048F4CD;
			packageReferences = (
			);
			productRefGroup = 52C989DD27F067860048F4CD /* Products */;
			projectDirPath = "";
			projectRoot = "";
			targets = (
				52C989DB27F067860048F4CD /* Utility */,
				CEDF978E28471BB1007F1B8D /* UtilityTests */,
			);
		};
/* End PBXProject section */

/* Begin PBXResourcesBuildPhase section */
		52C989DA27F067860048F4CD /* Resources */ = {
			isa = PBXResourcesBuildPhase;
			buildActionMask = 2147483647;
			files = (
				52C989EC27F067890048F4CD /* LaunchScreen.storyboard in Resources */,
				52C989E927F067890048F4CD /* Assets.xcassets in Resources */,
				52C989E727F067860048F4CD /* Main.storyboard in Resources */,
			);
			runOnlyForDeploymentPostprocessing = 0;
		};
		CEDF978D28471BB1007F1B8D /* Resources */ = {
			isa = PBXResourcesBuildPhase;
			buildActionMask = 2147483647;
			files = (
			);
			runOnlyForDeploymentPostprocessing = 0;
		};
/* End PBXResourcesBuildPhase section */

/* Begin PBXShellScriptBuildPhase section */
		E08DBDA533B6F9150232D0EA /* [CP] Embed Pods Frameworks */ = {
			isa = PBXShellScriptBuildPhase;
			buildActionMask = 2147483647;
			files = (
			);
			inputFileListPaths = (
				"${PODS_ROOT}/Target Support Files/Pods-Utility/Pods-Utility-frameworks-${CONFIGURATION}-input-files.xcfilelist",
			);
			name = "[CP] Embed Pods Frameworks";
			outputFileListPaths = (
				"${PODS_ROOT}/Target Support Files/Pods-Utility/Pods-Utility-frameworks-${CONFIGURATION}-output-files.xcfilelist",
			);
			runOnlyForDeploymentPostprocessing = 0;
			shellPath = /bin/sh;
			shellScript = "\"${PODS_ROOT}/Target Support Files/Pods-Utility/Pods-Utility-frameworks.sh\"\n";
			showEnvVarsInLog = 0;
		};
		F9AFBB25B3DB30E80C95650C /* [CP] Check Pods Manifest.lock */ = {
			isa = PBXShellScriptBuildPhase;
			buildActionMask = 2147483647;
			files = (
			);
			inputFileListPaths = (
			);
			inputPaths = (
				"${PODS_PODFILE_DIR_PATH}/Podfile.lock",
				"${PODS_ROOT}/Manifest.lock",
			);
			name = "[CP] Check Pods Manifest.lock";
			outputFileListPaths = (
			);
			outputPaths = (
				"$(DERIVED_FILE_DIR)/Pods-Utility-checkManifestLockResult.txt",
			);
			runOnlyForDeploymentPostprocessing = 0;
			shellPath = /bin/sh;
			shellScript = "diff \"${PODS_PODFILE_DIR_PATH}/Podfile.lock\" \"${PODS_ROOT}/Manifest.lock\" > /dev/null\nif [ $? != 0 ] ; then\n    # print error to STDERR\n    echo \"error: The sandbox is not in sync with the Podfile.lock. Run 'pod install' or update your CocoaPods installation.\" >&2\n    exit 1\nfi\n# This output is used by Xcode 'outputs' to avoid re-running this script phase.\necho \"SUCCESS\" > \"${SCRIPT_OUTPUT_FILE_0}\"\n";
			showEnvVarsInLog = 0;
		};
/* End PBXShellScriptBuildPhase section */

/* Begin PBXSourcesBuildPhase section */
		52C989D827F067860048F4CD /* Sources */ = {
			isa = PBXSourcesBuildPhase;
			buildActionMask = 2147483647;
			files = (
				5230F8A4280C0DF000CFAF1F /* GCDManager.swift in Sources */,
				52B4F499284E1D8D0042033E /* BezLayerController.swift in Sources */,
				CEBB58692851E110006A922C /* PropertyNameController.swift in Sources */,
				CEDC1C4C28169A4B0038BE7F /* Rotate3DController.swift in Sources */,
				CEBE4BB0282CF34700E15D70 /* CombineController.swift in Sources */,
				CEF25757285B1FAE00FB26C9 /* ShareController.swift in Sources */,
				52B4F4932849DA080042033E /* CWSwiftFlowLayout.swift in Sources */,
				52D0461C290C379A00255D67 /* ConvertPointController.swift in Sources */,
				5230F8A2280C0DDF00CFAF1F /* NetWorkManager.swift in Sources */,
				5230F89C280BE17900CFAF1F /* InsideShadowController.swift in Sources */,
				523BD87628A8BE6300A62840 /* DBInit.swift in Sources */,
				CEBB58662851DD87006A922C /* TestController.swift in Sources */,
				CE21AE092818F8150083169F /* ReuseUI.swift in Sources */,
				52C989F727F06A430048F4CD /* FunctionViewController.swift in Sources */,
				523BD87328A86DAD00A62840 /* GRDBController.swift in Sources */,
				CE21AD862817CDB10083169F /* DiceController.swift in Sources */,
				CE35664B289BB5A800910ADF /* VisionController.swift in Sources */,
				CEFA4D29283F213700F34727 /* AnimateLabelAnimateLabelView.swift in Sources */,
				CEDF979A28471C74007F1B8D /* MulitipleAlertController.swift in Sources */,
				52C989E027F067860048F4CD /* AppDelegate.swift in Sources */,
				CE2124E028360F7D00F230C7 /* PaddingTextField.swift in Sources */,
				CEBE4BAD282BB44A00E15D70 /* CoordinatorCombine.swift in Sources */,
				52C989F527F068F20048F4CD /* FunctionCodeView.swift in Sources */,
				52CDD33A27F1F710009A25FB /* Resolver.swift in Sources */,
				52B4F4972849DAD60042033E /* CWProxy.swift in Sources */,
				52CDD33127F1ED04009A25FB /* TransactionDetailDB.swift in Sources */,
				5230F8A6280C0E0100CFAF1F /* MemoryManager.swift in Sources */,
				52B4F4952849DA570042033E /* CWBannerController.swift in Sources */,
				CEFA4D2D283F4D5B00F34727 /* WaveView.swift in Sources */,
				52B4F4912849D9F10042033E /* CWBanner.swift in Sources */,
				CE00324828F8F235006C6A0D /* SwiftView.swift in Sources */,
				521EDA262866C00F00AD6098 /* DataDB.swift in Sources */,
				52CDD32F27F1ECEB009A25FB /* TransactionDB.swift in Sources */,
				CE4B201128922B8D004D9A91 /* JsonGifController.swift in Sources */,
				CEBE4BB7282E0F0B00E15D70 /* SystemAlertController.swift in Sources */,
				CEEE7FEF2852F9B50046CB2F /* APIService.swift in Sources */,
				52D3F91528145718001AE32E /* CollectionViewCell.swift in Sources */,
				52C989E227F067860048F4CD /* SceneDelegate.swift in Sources */,
				CED696E328112F87008793EB /* InterruptibleAnimateController.swift in Sources */,
				523BD87028A15E7E00A62840 /* ConcurrencyController.swift in Sources */,
				52CDD33827F1F6EE009A25FB /* Inject.swift in Sources */,
				52D3F91328145709001AE32E /* SetCollectionViewController.swift in Sources */,
				CEFA4D2B283F4C7600F34727 /* WaterController.swift in Sources */,
				52D3F9102814553D001AE32E /* TableViewCell.swift in Sources */,
				CEE138E32898FFD20088419B /* PhotoUtil.swift in Sources */,
				CE362DCB28F7F5FA00B4DDF4 /* DirectionController.swift in Sources */,
				CE362DC828F7F5D800B4DDF4 /* DirectionUtil.swift in Sources */,
				CE21AD842817BCF80083169F /* ReplicatorLayerController.swift in Sources */,
				523BD86D28981D6400A62840 /* GCDBarrierController.swift in Sources */,
				CED696CB280D6FC5008793EB /* ScrollEditController.swift in Sources */,
				CECF95B728000C3700FA81C8 /* AlertController.swift in Sources */,
				CEBE4C30282E698400E15D70 /* PermissionUtil.swift in Sources */,
				52CDD32D27F1E54E009A25FB /* FMDBManager.swift in Sources */,
				52CDD33327F1F0F5009A25FB /* RequestResponseModel.swift in Sources */,
				CEFF5630283E355A0055623A /* AnimateLabelController.swift in Sources */,
				CEE138EE2899160E0088419B /* ShareModel.swift in Sources */,
				52EB6E7828BFD1E400D85784 /* ResponderChainController.swift in Sources */,
				52CDD33D27F1F77D009A25FB /* APIManager.swift in Sources */,
				CEFA4D26283F210300F34727 /* UIViewAnimationQueue.swift in Sources */,
				CEDF979B28471C74007F1B8D /* SingleAlertController.swift in Sources */,
				CEDC1C4928166FFE0038BE7F /* PageViewController.swift in Sources */,
				CEC74558287801AA0019B95D /* UIImage+Gif.swift in Sources */,
				CE009DC428408EF200065556 /* BasicAnimateController.swift in Sources */,
				52CDD34627F1FBC3009A25FB /* Extensions.swift in Sources */,
				525F89FE28F832CF00C2E8DB /* RegularExpressionController.swift in Sources */,
				CE21AE7A28212E680083169F /* Coordinator.swift in Sources */,
				CE00324B28F8F739006C6A0D /* PATController.swift in Sources */,
				52D3F90E28143A6E001AE32E /* SetTableViewController.swift in Sources */,
				CEDC1C46281635780038BE7F /* AnimateController.swift in Sources */,
				52CDD33527F1F4C0009A25FB /* FMDBController.swift in Sources */,
				52CDD34027F1F7F9009A25FB /* CoreDataManager.swift in Sources */,
				52CDD32B27F1E529009A25FB /* SQLModel.swift in Sources */,
				CECF95B928000C4100FA81C8 /* AlertUtil.swift in Sources */,
				52CDD34327F1F833009A25FB /* CoreDataModel.xcdatamodeld in Sources */,
				CEF51E1F284D8EB700DFFB35 /* TransitionUtil.swift in Sources */,
			);
			runOnlyForDeploymentPostprocessing = 0;
		};
		CEDF978B28471BB1007F1B8D /* Sources */ = {
			isa = PBXSourcesBuildPhase;
			buildActionMask = 2147483647;
			files = (
				CEDF979228471BB1007F1B8D /* UtilityTests.swift in Sources */,
			);
			runOnlyForDeploymentPostprocessing = 0;
		};
/* End PBXSourcesBuildPhase section */

/* Begin PBXTargetDependency section */
		CEDF979428471BB1007F1B8D /* PBXTargetDependency */ = {
			isa = PBXTargetDependency;
			target = 52C989DB27F067860048F4CD /* Utility */;
			targetProxy = CEDF979328471BB1007F1B8D /* PBXContainerItemProxy */;
		};
/* End PBXTargetDependency section */

/* Begin PBXVariantGroup section */
		52C989E527F067860048F4CD /* Main.storyboard */ = {
			isa = PBXVariantGroup;
			children = (
				52C989E627F067860048F4CD /* Base */,
			);
			name = Main.storyboard;
			sourceTree = "<group>";
		};
		52C989EA27F067890048F4CD /* LaunchScreen.storyboard */ = {
			isa = PBXVariantGroup;
			children = (
				52C989EB27F067890048F4CD /* Base */,
			);
			name = LaunchScreen.storyboard;
			sourceTree = "<group>";
		};
/* End PBXVariantGroup section */

/* Begin XCBuildConfiguration section */
		52C989EE27F067890048F4CD /* Debug */ = {
			isa = XCBuildConfiguration;
			buildSettings = {
				ALWAYS_SEARCH_USER_PATHS = NO;
				CLANG_ANALYZER_NONNULL = YES;
				CLANG_ANALYZER_NUMBER_OBJECT_CONVERSION = YES_AGGRESSIVE;
				CLANG_CXX_LANGUAGE_STANDARD = "gnu++17";
				CLANG_CXX_LIBRARY = "libc++";
				CLANG_ENABLE_MODULES = YES;
				CLANG_ENABLE_OBJC_ARC = YES;
				CLANG_ENABLE_OBJC_WEAK = YES;
				CLANG_WARN_BLOCK_CAPTURE_AUTORELEASING = YES;
				CLANG_WARN_BOOL_CONVERSION = YES;
				CLANG_WARN_COMMA = YES;
				CLANG_WARN_CONSTANT_CONVERSION = YES;
				CLANG_WARN_DEPRECATED_OBJC_IMPLEMENTATIONS = YES;
				CLANG_WARN_DIRECT_OBJC_ISA_USAGE = YES_ERROR;
				CLANG_WARN_DOCUMENTATION_COMMENTS = YES;
				CLANG_WARN_EMPTY_BODY = YES;
				CLANG_WARN_ENUM_CONVERSION = YES;
				CLANG_WARN_INFINITE_RECURSION = YES;
				CLANG_WARN_INT_CONVERSION = YES;
				CLANG_WARN_NON_LITERAL_NULL_CONVERSION = YES;
				CLANG_WARN_OBJC_IMPLICIT_RETAIN_SELF = YES;
				CLANG_WARN_OBJC_LITERAL_CONVERSION = YES;
				CLANG_WARN_OBJC_ROOT_CLASS = YES_ERROR;
				CLANG_WARN_QUOTED_INCLUDE_IN_FRAMEWORK_HEADER = YES;
				CLANG_WARN_RANGE_LOOP_ANALYSIS = YES;
				CLANG_WARN_STRICT_PROTOTYPES = YES;
				CLANG_WARN_SUSPICIOUS_MOVE = YES;
				CLANG_WARN_UNGUARDED_AVAILABILITY = YES_AGGRESSIVE;
				CLANG_WARN_UNREACHABLE_CODE = YES;
				CLANG_WARN__DUPLICATE_METHOD_MATCH = YES;
				COPY_PHASE_STRIP = NO;
				DEBUG_INFORMATION_FORMAT = dwarf;
				ENABLE_STRICT_OBJC_MSGSEND = YES;
				ENABLE_TESTABILITY = YES;
				GCC_C_LANGUAGE_STANDARD = gnu11;
				GCC_DYNAMIC_NO_PIC = NO;
				GCC_NO_COMMON_BLOCKS = YES;
				GCC_OPTIMIZATION_LEVEL = 0;
				GCC_PREPROCESSOR_DEFINITIONS = (
					"DEBUG=1",
					"$(inherited)",
				);
				GCC_WARN_64_TO_32_BIT_CONVERSION = YES;
				GCC_WARN_ABOUT_RETURN_TYPE = YES_ERROR;
				GCC_WARN_UNDECLARED_SELECTOR = YES;
				GCC_WARN_UNINITIALIZED_AUTOS = YES_AGGRESSIVE;
				GCC_WARN_UNUSED_FUNCTION = YES;
				GCC_WARN_UNUSED_VARIABLE = YES;
				IPHONEOS_DEPLOYMENT_TARGET = 15.2;
				MTL_ENABLE_DEBUG_INFO = INCLUDE_SOURCE;
				MTL_FAST_MATH = YES;
				ONLY_ACTIVE_ARCH = YES;
				SDKROOT = iphoneos;
				SWIFT_ACTIVE_COMPILATION_CONDITIONS = DEBUG;
				SWIFT_OPTIMIZATION_LEVEL = "-Onone";
			};
			name = Debug;
		};
		52C989EF27F067890048F4CD /* Release */ = {
			isa = XCBuildConfiguration;
			buildSettings = {
				ALWAYS_SEARCH_USER_PATHS = NO;
				CLANG_ANALYZER_NONNULL = YES;
				CLANG_ANALYZER_NUMBER_OBJECT_CONVERSION = YES_AGGRESSIVE;
				CLANG_CXX_LANGUAGE_STANDARD = "gnu++17";
				CLANG_CXX_LIBRARY = "libc++";
				CLANG_ENABLE_MODULES = YES;
				CLANG_ENABLE_OBJC_ARC = YES;
				CLANG_ENABLE_OBJC_WEAK = YES;
				CLANG_WARN_BLOCK_CAPTURE_AUTORELEASING = YES;
				CLANG_WARN_BOOL_CONVERSION = YES;
				CLANG_WARN_COMMA = YES;
				CLANG_WARN_CONSTANT_CONVERSION = YES;
				CLANG_WARN_DEPRECATED_OBJC_IMPLEMENTATIONS = YES;
				CLANG_WARN_DIRECT_OBJC_ISA_USAGE = YES_ERROR;
				CLANG_WARN_DOCUMENTATION_COMMENTS = YES;
				CLANG_WARN_EMPTY_BODY = YES;
				CLANG_WARN_ENUM_CONVERSION = YES;
				CLANG_WARN_INFINITE_RECURSION = YES;
				CLANG_WARN_INT_CONVERSION = YES;
				CLANG_WARN_NON_LITERAL_NULL_CONVERSION = YES;
				CLANG_WARN_OBJC_IMPLICIT_RETAIN_SELF = YES;
				CLANG_WARN_OBJC_LITERAL_CONVERSION = YES;
				CLANG_WARN_OBJC_ROOT_CLASS = YES_ERROR;
				CLANG_WARN_QUOTED_INCLUDE_IN_FRAMEWORK_HEADER = YES;
				CLANG_WARN_RANGE_LOOP_ANALYSIS = YES;
				CLANG_WARN_STRICT_PROTOTYPES = YES;
				CLANG_WARN_SUSPICIOUS_MOVE = YES;
				CLANG_WARN_UNGUARDED_AVAILABILITY = YES_AGGRESSIVE;
				CLANG_WARN_UNREACHABLE_CODE = YES;
				CLANG_WARN__DUPLICATE_METHOD_MATCH = YES;
				COPY_PHASE_STRIP = NO;
				DEBUG_INFORMATION_FORMAT = "dwarf-with-dsym";
				ENABLE_NS_ASSERTIONS = NO;
				ENABLE_STRICT_OBJC_MSGSEND = YES;
				GCC_C_LANGUAGE_STANDARD = gnu11;
				GCC_NO_COMMON_BLOCKS = YES;
				GCC_WARN_64_TO_32_BIT_CONVERSION = YES;
				GCC_WARN_ABOUT_RETURN_TYPE = YES_ERROR;
				GCC_WARN_UNDECLARED_SELECTOR = YES;
				GCC_WARN_UNINITIALIZED_AUTOS = YES_AGGRESSIVE;
				GCC_WARN_UNUSED_FUNCTION = YES;
				GCC_WARN_UNUSED_VARIABLE = YES;
				IPHONEOS_DEPLOYMENT_TARGET = 15.2;
				MTL_ENABLE_DEBUG_INFO = NO;
				MTL_FAST_MATH = YES;
				SDKROOT = iphoneos;
				SWIFT_COMPILATION_MODE = wholemodule;
				SWIFT_OPTIMIZATION_LEVEL = "-O";
				VALIDATE_PRODUCT = YES;
			};
			name = Release;
		};
		52C989F127F067890048F4CD /* Debug */ = {
			isa = XCBuildConfiguration;
			baseConfigurationReference = 5012B534A7F328082D8809F1 /* Pods-Utility.debug.xcconfig */;
			buildSettings = {
				ASSETCATALOG_COMPILER_APPICON_NAME = AppIcon;
				ASSETCATALOG_COMPILER_GLOBAL_ACCENT_COLOR_NAME = AccentColor;
				CODE_SIGN_STYLE = Automatic;
				CURRENT_PROJECT_VERSION = 1;
				DEVELOPMENT_TEAM = TVV8999XA6;
				GENERATE_INFOPLIST_FILE = YES;
				INFOPLIST_FILE = Utility/Info.plist;
				INFOPLIST_KEY_NSCameraUsageDescription = "camera usage";
				INFOPLIST_KEY_UIApplicationSupportsIndirectInputEvents = YES;
				INFOPLIST_KEY_UILaunchStoryboardName = LaunchScreen;
				INFOPLIST_KEY_UISupportedInterfaceOrientations_iPad = "UIInterfaceOrientationPortrait UIInterfaceOrientationPortraitUpsideDown UIInterfaceOrientationLandscapeLeft UIInterfaceOrientationLandscapeRight";
				INFOPLIST_KEY_UISupportedInterfaceOrientations_iPhone = "UIInterfaceOrientationPortrait UIInterfaceOrientationLandscapeLeft UIInterfaceOrientationLandscapeRight";
				IPHONEOS_DEPLOYMENT_TARGET = 11.0;
				LD_RUNPATH_SEARCH_PATHS = (
					"$(inherited)",
					"@executable_path/Frameworks",
				);
				MARKETING_VERSION = 1.0;
				PRODUCT_BUNDLE_IDENTIFIER = com.tark.Utility;
				PRODUCT_NAME = "$(TARGET_NAME)";
				SWIFT_EMIT_LOC_STRINGS = YES;
				SWIFT_VERSION = 5.0;
				TARGETED_DEVICE_FAMILY = 1;
			};
			name = Debug;
		};
		52C989F227F067890048F4CD /* Release */ = {
			isa = XCBuildConfiguration;
			baseConfigurationReference = 7FDFB702E0A02C9638AE895C /* Pods-Utility.release.xcconfig */;
			buildSettings = {
				ASSETCATALOG_COMPILER_APPICON_NAME = AppIcon;
				ASSETCATALOG_COMPILER_GLOBAL_ACCENT_COLOR_NAME = AccentColor;
				CODE_SIGN_STYLE = Automatic;
				CURRENT_PROJECT_VERSION = 1;
				DEVELOPMENT_TEAM = TVV8999XA6;
				GENERATE_INFOPLIST_FILE = YES;
				INFOPLIST_FILE = Utility/Info.plist;
				INFOPLIST_KEY_NSCameraUsageDescription = "camera usage";
				INFOPLIST_KEY_UIApplicationSupportsIndirectInputEvents = YES;
				INFOPLIST_KEY_UILaunchStoryboardName = LaunchScreen;
				INFOPLIST_KEY_UISupportedInterfaceOrientations_iPad = "UIInterfaceOrientationPortrait UIInterfaceOrientationPortraitUpsideDown UIInterfaceOrientationLandscapeLeft UIInterfaceOrientationLandscapeRight";
				INFOPLIST_KEY_UISupportedInterfaceOrientations_iPhone = "UIInterfaceOrientationPortrait UIInterfaceOrientationLandscapeLeft UIInterfaceOrientationLandscapeRight";
				IPHONEOS_DEPLOYMENT_TARGET = 11.0;
				LD_RUNPATH_SEARCH_PATHS = (
					"$(inherited)",
					"@executable_path/Frameworks",
				);
				MARKETING_VERSION = 1.0;
				PRODUCT_BUNDLE_IDENTIFIER = com.tark.Utility;
				PRODUCT_NAME = "$(TARGET_NAME)";
				SWIFT_EMIT_LOC_STRINGS = YES;
				SWIFT_VERSION = 5.0;
				TARGETED_DEVICE_FAMILY = 1;
			};
			name = Release;
		};
		CEDF979528471BB1007F1B8D /* Debug */ = {
			isa = XCBuildConfiguration;
			buildSettings = {
				BUNDLE_LOADER = "$(TEST_HOST)";
				CODE_SIGN_STYLE = Automatic;
				CURRENT_PROJECT_VERSION = 1;
				DEVELOPMENT_TEAM = TVV8999XA6;
				GENERATE_INFOPLIST_FILE = YES;
				MARKETING_VERSION = 1.0;
				PRODUCT_BUNDLE_IDENTIFIER = com.body.UtilityTests;
				PRODUCT_NAME = "$(TARGET_NAME)";
				SWIFT_EMIT_LOC_STRINGS = NO;
				SWIFT_VERSION = 5.0;
				TARGETED_DEVICE_FAMILY = "1,2";
				TEST_HOST = "$(BUILT_PRODUCTS_DIR)/Utility.app/Utility";
			};
			name = Debug;
		};
		CEDF979628471BB1007F1B8D /* Release */ = {
			isa = XCBuildConfiguration;
			buildSettings = {
				BUNDLE_LOADER = "$(TEST_HOST)";
				CODE_SIGN_STYLE = Automatic;
				CURRENT_PROJECT_VERSION = 1;
				DEVELOPMENT_TEAM = TVV8999XA6;
				GENERATE_INFOPLIST_FILE = YES;
				MARKETING_VERSION = 1.0;
				PRODUCT_BUNDLE_IDENTIFIER = com.body.UtilityTests;
				PRODUCT_NAME = "$(TARGET_NAME)";
				SWIFT_EMIT_LOC_STRINGS = NO;
				SWIFT_VERSION = 5.0;
				TARGETED_DEVICE_FAMILY = "1,2";
				TEST_HOST = "$(BUILT_PRODUCTS_DIR)/Utility.app/Utility";
			};
			name = Release;
		};
/* End XCBuildConfiguration section */

/* Begin XCConfigurationList section */
		52C989D727F067860048F4CD /* Build configuration list for PBXProject "Utility" */ = {
			isa = XCConfigurationList;
			buildConfigurations = (
				52C989EE27F067890048F4CD /* Debug */,
				52C989EF27F067890048F4CD /* Release */,
			);
			defaultConfigurationIsVisible = 0;
			defaultConfigurationName = Release;
		};
		52C989F027F067890048F4CD /* Build configuration list for PBXNativeTarget "Utility" */ = {
			isa = XCConfigurationList;
			buildConfigurations = (
				52C989F127F067890048F4CD /* Debug */,
				52C989F227F067890048F4CD /* Release */,
			);
			defaultConfigurationIsVisible = 0;
			defaultConfigurationName = Release;
		};
		CEDF979728471BB1007F1B8D /* Build configuration list for PBXNativeTarget "UtilityTests" */ = {
			isa = XCConfigurationList;
			buildConfigurations = (
				CEDF979528471BB1007F1B8D /* Debug */,
				CEDF979628471BB1007F1B8D /* Release */,
			);
			defaultConfigurationIsVisible = 0;
			defaultConfigurationName = Release;
		};
/* End XCConfigurationList section */

/* Begin XCVersionGroup section */
		52CDD34127F1F833009A25FB /* CoreDataModel.xcdatamodeld */ = {
			isa = XCVersionGroup;
			children = (
				52CDD34227F1F833009A25FB /* CoreData.xcdatamodel */,
			);
			currentVersion = 52CDD34227F1F833009A25FB /* CoreData.xcdatamodel */;
			path = CoreDataModel.xcdatamodeld;
			sourceTree = "<group>";
			versionGroupType = wrapper.xcdatamodel;
		};
/* End XCVersionGroup section */
	};
	rootObject = 52C989D427F067860048F4CD /* Project object */;
}
